PODS:
  - OCHamcrest (6.1.1)
  - OCMockito (4.1.0):
    - OCHamcrest (~> 6.0)
  - PodRTC (61.4.0.0)
  - Socket.IO-Client-Swift (12.0.0):
    - StarscreamSocketIO (~> 8.0.7)
  - StarscreamSocketIO (8.0.7)

DEPENDENCIES:
  - OCMockito (~> 4.0)
  - PodRTC (= 61.4.0.0)
  - Socket.IO-Client-Swift (~> 12.0.0)

SPEC CHECKSUMS:
  OCHamcrest: 363e1bf738c3e8a94abe7c2c415f70d671adde38
  OCMockito: bceefcd365252bcdf8b59c1b2bd23890805fc0d8
  PodRTC: ae034da3517e187e261e5a1a1d7d7b3780ded6df
  Socket.IO-Client-Swift: 5b0154b42b3892bfb4c44fa138cbeb8afec4f6ef
  StarscreamSocketIO: 00b54e4208481ca5cef089545353aaf126bae16d

PODFILE CHECKSUM: 4d07a4d92ea0b2d1a6a17c9f8596d34b6f90a3be

COCOAPODS: 1.3.1
