// !$*UTF8*$!
{
	archiveVersion = 1;
	classes = {
	};
	objectVersion = 46;
	objects = {

/* Begin PBXBuildFile section */
		188231774C417852A166E892 /* Pods_ECIExampleLicode.framework in Frameworks */ = {isa = PBXBuildFile; fileRef = E61CB2E9CA28BE08F546E723 /* Pods_ECIExampleLicode.framework */; };
		781B3FED1E6DDEF2003782EE /* Nuve.m in Sources */ = {isa = PBXBuildFile; fileRef = 781B3FEB1E6DDEF2003782EE /* Nuve.m */; };
		781B3FEE1E6DDEF3003782EE /* Nuve.h in Headers */ = {isa = PBXBuildFile; fileRef = 781B3FEC1E6DDEF2003782EE /* Nuve.h */; };
		78621BEA1BD16D36009D4342 /* Logger.m in Sources */ = {isa = PBXBuildFile; fileRef = 78621BE81BD16D36009D4342 /* Logger.m */; };
		78CAB9701F21033D0052BCF1 /* libErizoClient.a in Frameworks */ = {isa = PBXBuildFile; fileRef = 78CAB96F1F21033D0052BCF1 /* libErizoClient.a */; };
		78E53A171B99F388004B63EF /* main.m in Sources */ = {isa = PBXBuildFile; fileRef = 78E53A161B99F388004B63EF /* main.m */; };
		78E53A1A1B99F388004B63EF /* AppDelegate.m in Sources */ = {isa = PBXBuildFile; fileRef = 78E53A191B99F388004B63EF /* AppDelegate.m */; };
		78E53A1D1B99F388004B63EF /* MultiConferenceViewController.m in Sources */ = {isa = PBXBuildFile; fileRef = 78E53A1C1B99F388004B63EF /* MultiConferenceViewController.m */; };
		78E53A231B99F388004B63EF /* Main.storyboard in Resources */ = {isa = PBXBuildFile; fileRef = 78E53A211B99F388004B63EF /* Main.storyboard */; };
		78E53A251B99F388004B63EF /* Images.xcassets in Resources */ = {isa = PBXBuildFile; fileRef = 78E53A241B99F388004B63EF /* Images.xcassets */; };
		78E53A281B99F388004B63EF /* LaunchScreen.xib in Resources */ = {isa = PBXBuildFile; fileRef = 78E53A261B99F388004B63EF /* LaunchScreen.xib */; };
		78E53A341B99F388004B63EF /* ECIExampleLicodeTests.m in Sources */ = {isa = PBXBuildFile; fileRef = 78E53A331B99F388004B63EF /* ECIExampleLicodeTests.m */; };
		78E53A3F1B99F3EF004B63EF /* LicodeServer.m in Sources */ = {isa = PBXBuildFile; fileRef = 78E53A3E1B99F3EF004B63EF /* LicodeServer.m */; };
		78E53A431B9A0A2B004B63EF /* libicucore.dylib in Frameworks */ = {isa = PBXBuildFile; fileRef = 78E53A421B9A0A2B004B63EF /* libicucore.dylib */; };
/* End PBXBuildFile section */

/* Begin PBXContainerItemProxy section */
		78E53A2E1B99F388004B63EF /* PBXContainerItemProxy */ = {
			isa = PBXContainerItemProxy;
			containerPortal = 78E53A091B99F388004B63EF /* Project object */;
			proxyType = 1;
			remoteGlobalIDString = 78E53A101B99F388004B63EF;
			remoteInfo = ECIExampleLicode;
		};
/* End PBXContainerItemProxy section */

/* Begin PBXCopyFilesBuildPhase section */
		78CAB9741F2105540052BCF1 /* CopyFiles */ = {
			isa = PBXCopyFilesBuildPhase;
			buildActionMask = 2147483647;
			dstPath = "";
			dstSubfolderSpec = 10;
			files = (
			);
			runOnlyForDeploymentPostprocessing = 0;
		};
/* End PBXCopyFilesBuildPhase section */

/* Begin PBXFileReference section */
		0AFC3F47948CBC54E4DB4FE1 /* Pods-ECIExampleLicode.debug.xcconfig */ = {isa = PBXFileReference; includeInIndex = 1; lastKnownFileType = text.xcconfig; name = "Pods-ECIExampleLicode.debug.xcconfig"; path = "../Pods/Target Support Files/Pods-ECIExampleLicode/Pods-ECIExampleLicode.debug.xcconfig"; sourceTree = "<group>"; };
		1DBD230D1C11EE8D00FA50B6 /* Pods-ECIExampleLicode pods.debug.xcconfig */ = {isa = PBXFileReference; fileEncoding = 4; lastKnownFileType = text.xcconfig; name = "Pods-ECIExampleLicode pods.debug.xcconfig"; path = "../Pods/Target Support Files/Pods-ECIExampleLicode pods/Pods-ECIExampleLicode pods.debug.xcconfig"; sourceTree = "<group>"; };
		1DBD230E1C11EE8D00FA50B6 /* Pods-ECIExampleLicode pods.release.xcconfig */ = {isa = PBXFileReference; fileEncoding = 4; lastKnownFileType = text.xcconfig; name = "Pods-ECIExampleLicode pods.release.xcconfig"; path = "../Pods/Target Support Files/Pods-ECIExampleLicode pods/Pods-ECIExampleLicode pods.release.xcconfig"; sourceTree = "<group>"; };
		1DBD23121C11F42400FA50B6 /* pods-Info.plist */ = {isa = PBXFileReference; lastKnownFileType = text.plist.xml; path = "pods-Info.plist"; sourceTree = "<group>"; };
		781B3FEB1E6DDEF2003782EE /* Nuve.m */ = {isa = PBXFileReference; fileEncoding = 4; lastKnownFileType = sourcecode.c.objc; path = Nuve.m; sourceTree = "<group>"; };
		781B3FEC1E6DDEF2003782EE /* Nuve.h */ = {isa = PBXFileReference; fileEncoding = 4; lastKnownFileType = sourcecode.c.h; path = Nuve.h; sourceTree = "<group>"; };
		78621BE71BD16D36009D4342 /* Logger.h */ = {isa = PBXFileReference; fileEncoding = 4; lastKnownFileType = sourcecode.c.h; path = Logger.h; sourceTree = "<group>"; };
		78621BE81BD16D36009D4342 /* Logger.m */ = {isa = PBXFileReference; fileEncoding = 4; lastKnownFileType = sourcecode.c.objc; path = Logger.m; sourceTree = "<group>"; };
		78A8EF721F8F9DC100DE15E3 /* Pods_ErizoClientTests.framework */ = {isa = PBXFileReference; explicitFileType = wrapper.framework; path = Pods_ErizoClientTests.framework; sourceTree = BUILT_PRODUCTS_DIR; };
		78CA33C91F1FC2DF005BF042 /* libPods-ErizoClient.a */ = {isa = PBXFileReference; lastKnownFileType = archive.ar; name = "libPods-ErizoClient.a"; path = "../Build/Products/Debug-iphoneos/libPods-ErizoClient.a"; sourceTree = "<group>"; };
		78CAB96F1F21033D0052BCF1 /* libErizoClient.a */ = {isa = PBXFileReference; lastKnownFileType = archive.ar; name = libErizoClient.a; path = "../Build/Products/Debug-iphoneos/libErizoClient.a"; sourceTree = "<group>"; };
		78E53A111B99F388004B63EF /* ECIExampleLicode.app */ = {isa = PBXFileReference; explicitFileType = wrapper.application; includeInIndex = 0; path = ECIExampleLicode.app; sourceTree = BUILT_PRODUCTS_DIR; };
		78E53A161B99F388004B63EF /* main.m */ = {isa = PBXFileReference; lastKnownFileType = sourcecode.c.objc; path = main.m; sourceTree = "<group>"; };
		78E53A181B99F388004B63EF /* AppDelegate.h */ = {isa = PBXFileReference; lastKnownFileType = sourcecode.c.h; path = AppDelegate.h; sourceTree = "<group>"; };
		78E53A191B99F388004B63EF /* AppDelegate.m */ = {isa = PBXFileReference; lastKnownFileType = sourcecode.c.objc; path = AppDelegate.m; sourceTree = "<group>"; };
		78E53A1B1B99F388004B63EF /* MultiConferenceViewController.h */ = {isa = PBXFileReference; lastKnownFileType = sourcecode.c.h; path = MultiConferenceViewController.h; sourceTree = "<group>"; };
		78E53A1C1B99F388004B63EF /* MultiConferenceViewController.m */ = {isa = PBXFileReference; lastKnownFileType = sourcecode.c.objc; path = MultiConferenceViewController.m; sourceTree = "<group>"; };
		78E53A221B99F388004B63EF /* Base */ = {isa = PBXFileReference; lastKnownFileType = file.storyboard; name = Base; path = Base.lproj/Main.storyboard; sourceTree = "<group>"; };
		78E53A241B99F388004B63EF /* Images.xcassets */ = {isa = PBXFileReference; lastKnownFileType = folder.assetcatalog; path = Images.xcassets; sourceTree = "<group>"; };
		78E53A271B99F388004B63EF /* Base */ = {isa = PBXFileReference; lastKnownFileType = file.xib; name = Base; path = Base.lproj/LaunchScreen.xib; sourceTree = "<group>"; };
		78E53A2D1B99F388004B63EF /* ECIExampleLicodeTests.xctest */ = {isa = PBXFileReference; explicitFileType = wrapper.cfbundle; includeInIndex = 0; path = ECIExampleLicodeTests.xctest; sourceTree = BUILT_PRODUCTS_DIR; };
		78E53A321B99F388004B63EF /* Info.plist */ = {isa = PBXFileReference; lastKnownFileType = text.plist.xml; path = Info.plist; sourceTree = "<group>"; };
		78E53A331B99F388004B63EF /* ECIExampleLicodeTests.m */ = {isa = PBXFileReference; lastKnownFileType = sourcecode.c.objc; path = ECIExampleLicodeTests.m; sourceTree = "<group>"; };
		78E53A3D1B99F3EF004B63EF /* LicodeServer.h */ = {isa = PBXFileReference; fileEncoding = 4; lastKnownFileType = sourcecode.c.h; path = LicodeServer.h; sourceTree = "<group>"; };
		78E53A3E1B99F3EF004B63EF /* LicodeServer.m */ = {isa = PBXFileReference; fileEncoding = 4; lastKnownFileType = sourcecode.c.objc; path = LicodeServer.m; sourceTree = "<group>"; };
		78E53A421B9A0A2B004B63EF /* libicucore.dylib */ = {isa = PBXFileReference; lastKnownFileType = "compiled.mach-o.dylib"; name = libicucore.dylib; path = usr/lib/libicucore.dylib; sourceTree = SDKROOT; };
		B8B9640BB43255AF81F1E68D /* Pods-ECIExampleLicode.release.xcconfig */ = {isa = PBXFileReference; includeInIndex = 1; lastKnownFileType = text.xcconfig; name = "Pods-ECIExampleLicode.release.xcconfig"; path = "../Pods/Target Support Files/Pods-ECIExampleLicode/Pods-ECIExampleLicode.release.xcconfig"; sourceTree = "<group>"; };
		E61CB2E9CA28BE08F546E723 /* Pods_ECIExampleLicode.framework */ = {isa = PBXFileReference; explicitFileType = wrapper.framework; includeInIndex = 0; path = Pods_ECIExampleLicode.framework; sourceTree = BUILT_PRODUCTS_DIR; };
/* End PBXFileReference section */

/* Begin PBXFrameworksBuildPhase section */
		78E53A0E1B99F388004B63EF /* Frameworks */ = {
			isa = PBXFrameworksBuildPhase;
			buildActionMask = 2147483647;
			files = (
				78CAB9701F21033D0052BCF1 /* libErizoClient.a in Frameworks */,
				78E53A431B9A0A2B004B63EF /* libicucore.dylib in Frameworks */,
				188231774C417852A166E892 /* Pods_ECIExampleLicode.framework in Frameworks */,
			);
			runOnlyForDeploymentPostprocessing = 0;
		};
		78E53A2A1B99F388004B63EF /* Frameworks */ = {
			isa = PBXFrameworksBuildPhase;
			buildActionMask = 2147483647;
			files = (
			);
			runOnlyForDeploymentPostprocessing = 0;
		};
/* End PBXFrameworksBuildPhase section */

/* Begin PBXGroup section */
		0CA281946DDB2344CD137978 /* Frameworks */ = {
			isa = PBXGroup;
			children = (
				78A8EF721F8F9DC100DE15E3 /* Pods_ErizoClientTests.framework */,
				78CAB96F1F21033D0052BCF1 /* libErizoClient.a */,
				78CA33C91F1FC2DF005BF042 /* libPods-ErizoClient.a */,
				78E53A421B9A0A2B004B63EF /* libicucore.dylib */,
				E61CB2E9CA28BE08F546E723 /* Pods_ECIExampleLicode.framework */,
			);
			name = Frameworks;
			sourceTree = "<group>";
		};
		78621BE91BD16D36009D4342 /* Logger */ = {
			isa = PBXGroup;
			children = (
				78621BE71BD16D36009D4342 /* Logger.h */,
				78621BE81BD16D36009D4342 /* Logger.m */,
			);
			name = Logger;
			path = ../../Vendor/Logger;
			sourceTree = "<group>";
		};
		78E53A081B99F388004B63EF = {
			isa = PBXGroup;
			children = (
				78E53A131B99F388004B63EF /* ECIExampleLicode */,
				78E53A301B99F388004B63EF /* ECIExampleLicodeTests */,
				78E53A121B99F388004B63EF /* Products */,
				C4B7398EE29893B353AD6D22 /* Pods */,
				0CA281946DDB2344CD137978 /* Frameworks */,
			);
			sourceTree = "<group>";
		};
		78E53A121B99F388004B63EF /* Products */ = {
			isa = PBXGroup;
			children = (
				78E53A111B99F388004B63EF /* ECIExampleLicode.app */,
				78E53A2D1B99F388004B63EF /* ECIExampleLicodeTests.xctest */,
			);
			name = Products;
			sourceTree = "<group>";
		};
		78E53A131B99F388004B63EF /* ECIExampleLicode */ = {
			isa = PBXGroup;
			children = (
				78621BE91BD16D36009D4342 /* Logger */,
				78E53A181B99F388004B63EF /* AppDelegate.h */,
				78E53A191B99F388004B63EF /* AppDelegate.m */,
				78E53A1B1B99F388004B63EF /* MultiConferenceViewController.h */,
				78E53A1C1B99F388004B63EF /* MultiConferenceViewController.m */,
				78E53A3D1B99F3EF004B63EF /* LicodeServer.h */,
				78E53A3E1B99F3EF004B63EF /* LicodeServer.m */,
				781B3FEC1E6DDEF2003782EE /* Nuve.h */,
				781B3FEB1E6DDEF2003782EE /* Nuve.m */,
				78E53A211B99F388004B63EF /* Main.storyboard */,
				78E53A241B99F388004B63EF /* Images.xcassets */,
				78E53A261B99F388004B63EF /* LaunchScreen.xib */,
				78E53A141B99F388004B63EF /* Supporting Files */,
			);
			path = ECIExampleLicode;
			sourceTree = "<group>";
		};
		78E53A141B99F388004B63EF /* Supporting Files */ = {
			isa = PBXGroup;
			children = (
				1DBD23121C11F42400FA50B6 /* pods-Info.plist */,
				78E53A161B99F388004B63EF /* main.m */,
			);
			name = "Supporting Files";
			sourceTree = "<group>";
		};
		78E53A301B99F388004B63EF /* ECIExampleLicodeTests */ = {
			isa = PBXGroup;
			children = (
				78E53A331B99F388004B63EF /* ECIExampleLicodeTests.m */,
				78E53A311B99F388004B63EF /* Supporting Files */,
			);
			path = ECIExampleLicodeTests;
			sourceTree = "<group>";
		};
		78E53A311B99F388004B63EF /* Supporting Files */ = {
			isa = PBXGroup;
			children = (
				78E53A321B99F388004B63EF /* Info.plist */,
			);
			name = "Supporting Files";
			sourceTree = "<group>";
		};
		C4B7398EE29893B353AD6D22 /* Pods */ = {
			isa = PBXGroup;
			children = (
				1DBD230D1C11EE8D00FA50B6 /* Pods-ECIExampleLicode pods.debug.xcconfig */,
				1DBD230E1C11EE8D00FA50B6 /* Pods-ECIExampleLicode pods.release.xcconfig */,
				0AFC3F47948CBC54E4DB4FE1 /* Pods-ECIExampleLicode.debug.xcconfig */,
				B8B9640BB43255AF81F1E68D /* Pods-ECIExampleLicode.release.xcconfig */,
			);
			name = Pods;
			sourceTree = "<group>";
		};
/* End PBXGroup section */

/* Begin PBXHeadersBuildPhase section */
		78483D441DEA420600330F4C /* Headers */ = {
			isa = PBXHeadersBuildPhase;
			buildActionMask = 2147483647;
			files = (
				781B3FEE1E6DDEF3003782EE /* Nuve.h in Headers */,
			);
			runOnlyForDeploymentPostprocessing = 0;
		};
/* End PBXHeadersBuildPhase section */

/* Begin PBXNativeTarget section */
		78E53A101B99F388004B63EF /* ECIExampleLicode */ = {
			isa = PBXNativeTarget;
			buildConfigurationList = 78E53A371B99F388004B63EF /* Build configuration list for PBXNativeTarget "ECIExampleLicode" */;
			buildPhases = (
				F1964A19E48185B9ED4DCB90 /* [CP] Check Pods Manifest.lock */,
				78CAB9741F2105540052BCF1 /* CopyFiles */,
				78E53A0D1B99F388004B63EF /* Sources */,
				78E53A0E1B99F388004B63EF /* Frameworks */,
				78E53A0F1B99F388004B63EF /* Resources */,
				78483D441DEA420600330F4C /* Headers */,
				797E88E0B4493ECC4095610E /* [CP] Embed Pods Frameworks */,
				01ECBA33FD5BD818333D27C7 /* [CP] Copy Pods Resources */,
			);
			buildRules = (
			);
			dependencies = (
			);
			name = ECIExampleLicode;
			productName = ECIExampleLicode;
			productReference = 78E53A111B99F388004B63EF /* ECIExampleLicode.app */;
			productType = "com.apple.product-type.application";
		};
		78E53A2C1B99F388004B63EF /* ECIExampleLicodeTests */ = {
			isa = PBXNativeTarget;
			buildConfigurationList = 78E53A3A1B99F388004B63EF /* Build configuration list for PBXNativeTarget "ECIExampleLicodeTests" */;
			buildPhases = (
				78E53A291B99F388004B63EF /* Sources */,
				78E53A2A1B99F388004B63EF /* Frameworks */,
				78E53A2B1B99F388004B63EF /* Resources */,
			);
			buildRules = (
			);
			dependencies = (
				78E53A2F1B99F388004B63EF /* PBXTargetDependency */,
			);
			name = ECIExampleLicodeTests;
			productName = ECIExampleLicodeTests;
			productReference = 78E53A2D1B99F388004B63EF /* ECIExampleLicodeTests.xctest */;
			productType = "com.apple.product-type.bundle.unit-test";
		};
/* End PBXNativeTarget section */

/* Begin PBXProject section */
		78E53A091B99F388004B63EF /* Project object */ = {
			isa = PBXProject;
			attributes = {
				LastUpgradeCheck = 0900;
				ORGANIZATIONNAME = "Alvaro Gil";
				TargetAttributes = {
					78E53A101B99F388004B63EF = {
						CreatedOnToolsVersion = 6.4;
						DevelopmentTeam = 8836YPJSEN;
						ProvisioningStyle = Automatic;
					};
					78E53A2C1B99F388004B63EF = {
						CreatedOnToolsVersion = 6.4;
						TestTargetID = 78E53A101B99F388004B63EF;
					};
				};
			};
			buildConfigurationList = 78E53A0C1B99F388004B63EF /* Build configuration list for PBXProject "ECIExampleLicode" */;
			compatibilityVersion = "Xcode 3.2";
			developmentRegion = English;
			hasScannedForEncodings = 0;
			knownRegions = (
				en,
				Base,
			);
			mainGroup = 78E53A081B99F388004B63EF;
			productRefGroup = 78E53A121B99F388004B63EF /* Products */;
			projectDirPath = "";
			projectRoot = "";
			targets = (
				78E53A101B99F388004B63EF /* ECIExampleLicode */,
				78E53A2C1B99F388004B63EF /* ECIExampleLicodeTests */,
			);
		};
/* End PBXProject section */

/* Begin PBXResourcesBuildPhase section */
		78E53A0F1B99F388004B63EF /* Resources */ = {
			isa = PBXResourcesBuildPhase;
			buildActionMask = 2147483647;
			files = (
				78E53A231B99F388004B63EF /* Main.storyboard in Resources */,
				78E53A281B99F388004B63EF /* LaunchScreen.xib in Resources */,
				78E53A251B99F388004B63EF /* Images.xcassets in Resources */,
			);
			runOnlyForDeploymentPostprocessing = 0;
		};
		78E53A2B1B99F388004B63EF /* Resources */ = {
			isa = PBXResourcesBuildPhase;
			buildActionMask = 2147483647;
			files = (
			);
			runOnlyForDeploymentPostprocessing = 0;
		};
/* End PBXResourcesBuildPhase section */

/* Begin PBXShellScriptBuildPhase section */
		01ECBA33FD5BD818333D27C7 /* [CP] Copy Pods Resources */ = {
			isa = PBXShellScriptBuildPhase;
			buildActionMask = 2147483647;
			files = (
			);
			inputPaths = (
			);
			name = "[CP] Copy Pods Resources";
			outputPaths = (
			);
			runOnlyForDeploymentPostprocessing = 0;
			shellPath = /bin/sh;
			shellScript = "\"${SRCROOT}/../Pods/Target Support Files/Pods-ECIExampleLicode/Pods-ECIExampleLicode-resources.sh\"\n";
			showEnvVarsInLog = 0;
		};
		797E88E0B4493ECC4095610E /* [CP] Embed Pods Frameworks */ = {
			isa = PBXShellScriptBuildPhase;
			buildActionMask = 2147483647;
			files = (
			);
			inputPaths = (
				"${SRCROOT}/../Pods/Target Support Files/Pods-ECIExampleLicode/Pods-ECIExampleLicode-frameworks.sh",
				"${PODS_ROOT}/PodRTC/WebRTC.framework",
				"${BUILT_PRODUCTS_DIR}/Socket.IO-Client-Swift/SocketIO.framework",
				"${BUILT_PRODUCTS_DIR}/StarscreamSocketIO/StarscreamSocketIO.framework",
			);
			name = "[CP] Embed Pods Frameworks";
			outputPaths = (
				"${TARGET_BUILD_DIR}/${FRAMEWORKS_FOLDER_PATH}/WebRTC.framework",
				"${TARGET_BUILD_DIR}/${FRAMEWORKS_FOLDER_PATH}/SocketIO.framework",
				"${TARGET_BUILD_DIR}/${FRAMEWORKS_FOLDER_PATH}/StarscreamSocketIO.framework",
			);
			runOnlyForDeploymentPostprocessing = 0;
			shellPath = /bin/sh;
			shellScript = "\"${SRCROOT}/../Pods/Target Support Files/Pods-ECIExampleLicode/Pods-ECIExampleLicode-frameworks.sh\"\n";
			showEnvVarsInLog = 0;
		};
		F1964A19E48185B9ED4DCB90 /* [CP] Check Pods Manifest.lock */ = {
			isa = PBXShellScriptBuildPhase;
			buildActionMask = 2147483647;
			files = (
			);
			inputPaths = (
				"${PODS_PODFILE_DIR_PATH}/Podfile.lock",
				"${PODS_ROOT}/Manifest.lock",
			);
			name = "[CP] Check Pods Manifest.lock";
			outputPaths = (
				"$(DERIVED_FILE_DIR)/Pods-ECIExampleLicode-checkManifestLockResult.txt",
			);
			runOnlyForDeploymentPostprocessing = 0;
			shellPath = /bin/sh;
			shellScript = "diff \"${PODS_PODFILE_DIR_PATH}/Podfile.lock\" \"${PODS_ROOT}/Manifest.lock\" > /dev/null\nif [ $? != 0 ] ; then\n    # print error to STDERR\n    echo \"error: The sandbox is not in sync with the Podfile.lock. Run 'pod install' or update your CocoaPods installation.\" >&2\n    exit 1\nfi\n# This output is used by Xcode 'outputs' to avoid re-running this script phase.\necho \"SUCCESS\" > \"${SCRIPT_OUTPUT_FILE_0}\"\n";
			showEnvVarsInLog = 0;
		};
/* End PBXShellScriptBuildPhase section */

/* Begin PBXSourcesBuildPhase section */
		78E53A0D1B99F388004B63EF /* Sources */ = {
			isa = PBXSourcesBuildPhase;
			buildActionMask = 2147483647;
			files = (
				78E53A3F1B99F3EF004B63EF /* LicodeServer.m in Sources */,
				78E53A1A1B99F388004B63EF /* AppDelegate.m in Sources */,
				78E53A1D1B99F388004B63EF /* MultiConferenceViewController.m in Sources */,
				78E53A171B99F388004B63EF /* main.m in Sources */,
				78621BEA1BD16D36009D4342 /* Logger.m in Sources */,
				781B3FED1E6DDEF2003782EE /* Nuve.m in Sources */,
			);
			runOnlyForDeploymentPostprocessing = 0;
		};
		78E53A291B99F388004B63EF /* Sources */ = {
			isa = PBXSourcesBuildPhase;
			buildActionMask = 2147483647;
			files = (
				78E53A341B99F388004B63EF /* ECIExampleLicodeTests.m in Sources */,
			);
			runOnlyForDeploymentPostprocessing = 0;
		};
/* End PBXSourcesBuildPhase section */

/* Begin PBXTargetDependency section */
		78E53A2F1B99F388004B63EF /* PBXTargetDependency */ = {
			isa = PBXTargetDependency;
			target = 78E53A101B99F388004B63EF /* ECIExampleLicode */;
			targetProxy = 78E53A2E1B99F388004B63EF /* PBXContainerItemProxy */;
		};
/* End PBXTargetDependency section */

/* Begin PBXVariantGroup section */
		78E53A211B99F388004B63EF /* Main.storyboard */ = {
			isa = PBXVariantGroup;
			children = (
				78E53A221B99F388004B63EF /* Base */,
			);
			name = Main.storyboard;
			sourceTree = "<group>";
		};
		78E53A261B99F388004B63EF /* LaunchScreen.xib */ = {
			isa = PBXVariantGroup;
			children = (
				78E53A271B99F388004B63EF /* Base */,
			);
			name = LaunchScreen.xib;
			sourceTree = "<group>";
		};
/* End PBXVariantGroup section */

/* Begin XCBuildConfiguration section */
		78E53A351B99F388004B63EF /* Debug */ = {
			isa = XCBuildConfiguration;
			buildSettings = {
				ALWAYS_SEARCH_USER_PATHS = NO;
				CLANG_CXX_LANGUAGE_STANDARD = "gnu++0x";
				CLANG_CXX_LIBRARY = "libc++";
				CLANG_ENABLE_MODULES = YES;
				CLANG_ENABLE_OBJC_ARC = YES;
				CLANG_WARN_BLOCK_CAPTURE_AUTORELEASING = YES;
				CLANG_WARN_BOOL_CONVERSION = YES;
				CLANG_WARN_COMMA = YES;
				CLANG_WARN_CONSTANT_CONVERSION = YES;
				CLANG_WARN_DIRECT_OBJC_ISA_USAGE = YES_ERROR;
				CLANG_WARN_EMPTY_BODY = YES;
				CLANG_WARN_ENUM_CONVERSION = YES;
				CLANG_WARN_INFINITE_RECURSION = YES;
				CLANG_WARN_INT_CONVERSION = YES;
				CLANG_WARN_NON_LITERAL_NULL_CONVERSION = YES;
				CLANG_WARN_OBJC_LITERAL_CONVERSION = YES;
				CLANG_WARN_OBJC_ROOT_CLASS = YES_ERROR;
				CLANG_WARN_RANGE_LOOP_ANALYSIS = YES;
				CLANG_WARN_STRICT_PROTOTYPES = YES;
				CLANG_WARN_SUSPICIOUS_MOVE = YES;
				CLANG_WARN_UNREACHABLE_CODE = YES;
				CLANG_WARN__DUPLICATE_METHOD_MATCH = YES;
				"CODE_SIGN_IDENTITY[sdk=iphoneos*]" = "iPhone Developer";
				COPY_PHASE_STRIP = NO;
				DEBUG_INFORMATION_FORMAT = "dwarf-with-dsym";
				ENABLE_STRICT_OBJC_MSGSEND = YES;
				ENABLE_TESTABILITY = YES;
				GCC_C_LANGUAGE_STANDARD = gnu99;
				GCC_DYNAMIC_NO_PIC = NO;
				GCC_NO_COMMON_BLOCKS = YES;
				GCC_OPTIMIZATION_LEVEL = 0;
				GCC_PREPROCESSOR_DEFINITIONS = (
					"DEBUG=1",
					"$(inherited)",
				);
				GCC_SYMBOLS_PRIVATE_EXTERN = NO;
				GCC_WARN_64_TO_32_BIT_CONVERSION = YES;
				GCC_WARN_ABOUT_RETURN_TYPE = YES_ERROR;
				GCC_WARN_UNDECLARED_SELECTOR = YES;
				GCC_WARN_UNINITIALIZED_AUTOS = YES_AGGRESSIVE;
				GCC_WARN_UNUSED_FUNCTION = YES;
				GCC_WARN_UNUSED_VARIABLE = YES;
				IPHONEOS_DEPLOYMENT_TARGET = 8.0;
				MTL_ENABLE_DEBUG_INFO = YES;
				ONLY_ACTIVE_ARCH = YES;
				SDKROOT = iphoneos;
				TARGETED_DEVICE_FAMILY = "1,2";
				VALID_ARCHS = "$(ARCHS_STANDARD)";
			};
			name = Debug;
		};
		78E53A361B99F388004B63EF /* Release */ = {
			isa = XCBuildConfiguration;
			buildSettings = {
				ALWAYS_SEARCH_USER_PATHS = NO;
				CLANG_CXX_LANGUAGE_STANDARD = "gnu++0x";
				CLANG_CXX_LIBRARY = "libc++";
				CLANG_ENABLE_MODULES = YES;
				CLANG_ENABLE_OBJC_ARC = YES;
				CLANG_WARN_BLOCK_CAPTURE_AUTORELEASING = YES;
				CLANG_WARN_BOOL_CONVERSION = YES;
				CLANG_WARN_COMMA = YES;
				CLANG_WARN_CONSTANT_CONVERSION = YES;
				CLANG_WARN_DIRECT_OBJC_ISA_USAGE = YES_ERROR;
				CLANG_WARN_EMPTY_BODY = YES;
				CLANG_WARN_ENUM_CONVERSION = YES;
				CLANG_WARN_INFINITE_RECURSION = YES;
				CLANG_WARN_INT_CONVERSION = YES;
				CLANG_WARN_NON_LITERAL_NULL_CONVERSION = YES;
				CLANG_WARN_OBJC_LITERAL_CONVERSION = YES;
				CLANG_WARN_OBJC_ROOT_CLASS = YES_ERROR;
				CLANG_WARN_RANGE_LOOP_ANALYSIS = YES;
				CLANG_WARN_STRICT_PROTOTYPES = YES;
				CLANG_WARN_SUSPICIOUS_MOVE = YES;
				CLANG_WARN_UNREACHABLE_CODE = YES;
				CLANG_WARN__DUPLICATE_METHOD_MATCH = YES;
				"CODE_SIGN_IDENTITY[sdk=iphoneos*]" = "iPhone Developer";
				COPY_PHASE_STRIP = NO;
				DEBUG_INFORMATION_FORMAT = "dwarf-with-dsym";
				ENABLE_NS_ASSERTIONS = NO;
				ENABLE_STRICT_OBJC_MSGSEND = YES;
				GCC_C_LANGUAGE_STANDARD = gnu99;
				GCC_NO_COMMON_BLOCKS = YES;
				GCC_WARN_64_TO_32_BIT_CONVERSION = YES;
				GCC_WARN_ABOUT_RETURN_TYPE = YES_ERROR;
				GCC_WARN_UNDECLARED_SELECTOR = YES;
				GCC_WARN_UNINITIALIZED_AUTOS = YES_AGGRESSIVE;
				GCC_WARN_UNUSED_FUNCTION = YES;
				GCC_WARN_UNUSED_VARIABLE = YES;
				IPHONEOS_DEPLOYMENT_TARGET = 8.0;
				MTL_ENABLE_DEBUG_INFO = NO;
				ONLY_ACTIVE_ARCH = NO;
				SDKROOT = iphoneos;
				TARGETED_DEVICE_FAMILY = "1,2";
				VALIDATE_PRODUCT = YES;
				VALID_ARCHS = "$(ARCHS_STANDARD)";
			};
			name = Release;
		};
		78E53A381B99F388004B63EF /* Debug */ = {
			isa = XCBuildConfiguration;
			baseConfigurationReference = 0AFC3F47948CBC54E4DB4FE1 /* Pods-ECIExampleLicode.debug.xcconfig */;
			buildSettings = {
				ALWAYS_EMBED_SWIFT_STANDARD_LIBRARIES = YES;
				ASSETCATALOG_COMPILER_APPICON_NAME = AppIcon;
				ASSETCATALOG_COMPILER_LAUNCHIMAGE_NAME = LaunchImage;
				CODE_SIGN_IDENTITY = "iPhone Developer";
				"CODE_SIGN_IDENTITY[sdk=iphoneos*]" = "iPhone Developer";
				DEVELOPMENT_TEAM = 8836YPJSEN;
				ENABLE_BITCODE = NO;
				FRAMEWORK_SEARCH_PATHS = "$(inherited)/**";
				HEADER_SEARCH_PATHS = (
					"$(inherited)",
					"\"${PODS_ROOT}/Headers/Public\"",
					"${SRCROOT}/../Vendor/**",
					"${SRCROOT}/../ErizoClient",
					"${SRCROOT}/../ErizoClient/rtc",
				);
				INFOPLIST_FILE = "ECIExampleLicode/pods-Info.plist";
				LD_RUNPATH_SEARCH_PATHS = "$(inherited) @executable_path/Frameworks";
				LIBRARY_SEARCH_PATHS = (
					"\"$(SRCROOT)/../Build/Products/Debug-iphoneos\"",
					"$(inherited)",
				);
				ONLY_ACTIVE_ARCH = YES;
				PRODUCT_BUNDLE_IDENTIFIER = zevarito.ECIExampleLicodeApp;
				PRODUCT_NAME = "$(TARGET_NAME)";
				PROVISIONING_PROFILE = "";
				PROVISIONING_PROFILE_SPECIFIER = "";
				SKIP_INSTALL = YES;
				VALID_ARCHS = "$(ARCHS_STANDARD)";
			};
			name = Debug;
		};
		78E53A391B99F388004B63EF /* Release */ = {
			isa = XCBuildConfiguration;
			baseConfigurationReference = B8B9640BB43255AF81F1E68D /* Pods-ECIExampleLicode.release.xcconfig */;
			buildSettings = {
				ALWAYS_EMBED_SWIFT_STANDARD_LIBRARIES = YES;
				ASSETCATALOG_COMPILER_APPICON_NAME = AppIcon;
				ASSETCATALOG_COMPILER_LAUNCHIMAGE_NAME = LaunchImage;
				CODE_SIGN_IDENTITY = "iPhone Developer";
				"CODE_SIGN_IDENTITY[sdk=iphoneos*]" = "iPhone Developer";
				DEVELOPMENT_TEAM = 8836YPJSEN;
				ENABLE_BITCODE = NO;
				FRAMEWORK_SEARCH_PATHS = "$(inherited)/**";
				HEADER_SEARCH_PATHS = (
					"$(inherited)",
					"\"${PODS_ROOT}/Headers/Public\"",
					"${SRCROOT}/../Vendor/**",
					"${SRCROOT}/../ErizoClient",
					"${SRCROOT}/../ErizoClient/rtc",
				);
				INFOPLIST_FILE = "ECIExampleLicode/pods-Info.plist";
				LD_RUNPATH_SEARCH_PATHS = "$(inherited) @executable_path/Frameworks";
				LIBRARY_SEARCH_PATHS = "$(inherited)";
				PRODUCT_BUNDLE_IDENTIFIER = zevarito.ECIExampleLicodeApp;
				PRODUCT_NAME = "$(TARGET_NAME)";
				PROVISIONING_PROFILE = "";
				PROVISIONING_PROFILE_SPECIFIER = "";
				SKIP_INSTALL = YES;
				VALID_ARCHS = "$(ARCHS_STANDARD)";
			};
			name = Release;
		};
		78E53A3B1B99F388004B63EF /* Debug */ = {
			isa = XCBuildConfiguration;
			buildSettings = {
				BUNDLE_LOADER = "$(TEST_HOST)";
				FRAMEWORK_SEARCH_PATHS = (
					"$(SDKROOT)/Developer/Library/Frameworks",
					"$(inherited)",
				);
				GCC_PREPROCESSOR_DEFINITIONS = (
					"DEBUG=1",
					"$(inherited)",
				);
				INFOPLIST_FILE = ECIExampleLicodeTests/Info.plist;
				LD_RUNPATH_SEARCH_PATHS = "$(inherited) @executable_path/Frameworks @loader_path/Frameworks";
				PRODUCT_BUNDLE_IDENTIFIER = "zevarito.$(PRODUCT_NAME:rfc1034identifier)";
				PRODUCT_NAME = "$(TARGET_NAME)";
				TEST_HOST = "$(BUILT_PRODUCTS_DIR)/ECIExampleLicode.app/ECIExampleLicode";
			};
			name = Debug;
		};
		78E53A3C1B99F388004B63EF /* Release */ = {
			isa = XCBuildConfiguration;
			buildSettings = {
				BUNDLE_LOADER = "$(TEST_HOST)";
				FRAMEWORK_SEARCH_PATHS = (
					"$(SDKROOT)/Developer/Library/Frameworks",
					"$(inherited)",
				);
				INFOPLIST_FILE = ECIExampleLicodeTests/Info.plist;
				LD_RUNPATH_SEARCH_PATHS = "$(inherited) @executable_path/Frameworks @loader_path/Frameworks";
				PRODUCT_BUNDLE_IDENTIFIER = "zevarito.$(PRODUCT_NAME:rfc1034identifier)";
				PRODUCT_NAME = "$(TARGET_NAME)";
				TEST_HOST = "$(BUILT_PRODUCTS_DIR)/ECIExampleLicode.app/ECIExampleLicode";
			};
			name = Release;
		};
/* End XCBuildConfiguration section */

/* Begin XCConfigurationList section */
		78E53A0C1B99F388004B63EF /* Build configuration list for PBXProject "ECIExampleLicode" */ = {
			isa = XCConfigurationList;
			buildConfigurations = (
				78E53A351B99F388004B63EF /* Debug */,
				78E53A361B99F388004B63EF /* Release */,
			);
			defaultConfigurationIsVisible = 0;
			defaultConfigurationName = Release;
		};
		78E53A371B99F388004B63EF /* Build configuration list for PBXNativeTarget "ECIExampleLicode" */ = {
			isa = XCConfigurationList;
			buildConfigurations = (
				78E53A381B99F388004B63EF /* Debug */,
				78E53A391B99F388004B63EF /* Release */,
			);
			defaultConfigurationIsVisible = 0;
			defaultConfigurationName = Release;
		};
		78E53A3A1B99F388004B63EF /* Build configuration list for PBXNativeTarget "ECIExampleLicodeTests" */ = {
			isa = XCConfigurationList;
			buildConfigurations = (
				78E53A3B1B99F388004B63EF /* Debug */,
				78E53A3C1B99F388004B63EF /* Release */,
			);
			defaultConfigurationIsVisible = 0;
			defaultConfigurationName = Release;
		};
/* End XCConfigurationList section */
	};
	rootObject = 78E53A091B99F388004B63EF /* Project object */;
}
