// !$*UTF8*$!
{
	archiveVersion = 1;
	classes = {
	};
	objectVersion = 46;
	objects = {

/* Begin PBXAggregateTarget section */
		78A6173E1B7D228400982875 /* ErizoClientIOS Documentation */ = {
			isa = PBXAggregateTarget;
			buildConfigurationList = 78A617411B7D228400982875 /* Build configuration list for PBXAggregateTarget "ErizoClientIOS Documentation" */;
			buildPhases = (
				78A617421B7D228E00982875 /* ShellScript */,
				7875E1601B7EE4F900BEE085 /* ShellScript */,
			);
			dependencies = (
			);
			name = "ErizoClientIOS Documentation";
			productName = "ErizoClientIOS Documentation";
		};
/* End PBXAggregateTarget section */

/* Begin PBXBuildFile section */
		78353EDD1ECE4D4E00EAD85E /* ECSignalingEvent.m in Sources */ = {isa = PBXBuildFile; fileRef = 78353EDC1ECE4D4E00EAD85E /* ECSignalingEvent.m */; };
		783A84321EF96E2100092DBC /* ECClientTest.m in Sources */ = {isa = PBXBuildFile; fileRef = 783A84311EF96E2100092DBC /* ECClientTest.m */; };
		785C801B1B9DE13300DD721F /* ECPlayerView.m in Sources */ = {isa = PBXBuildFile; fileRef = 785C80191B9DE13300DD721F /* ECPlayerView.m */; };
		786A780B1EE9CFAC005963DD /* ECSignalingChannelTest.m in Sources */ = {isa = PBXBuildFile; fileRef = 786A780A1EE9CFAC005963DD /* ECSignalingChannelTest.m */; };
		7875E15E1B7ED6CE00BEE085 /* ErizoClient.m in Sources */ = {isa = PBXBuildFile; fileRef = 7875E15C1B7ED6CE00BEE085 /* ErizoClient.m */; };
		7876C1DD1ED5EA780083F592 /* ECStreamTest.m in Sources */ = {isa = PBXBuildFile; fileRef = 7876C1DC1ED5EA780083F592 /* ECStreamTest.m */; };
		7876C1E51ED5F8D90083F592 /* libErizoClient.a in Frameworks */ = {isa = PBXBuildFile; fileRef = 7863E3211B7C167500A34C50 /* libErizoClient.a */; };
		7876C1E71ED5F8E70083F592 /* Logger.m in Sources */ = {isa = PBXBuildFile; fileRef = 787BB2111B7EB1CF00237A36 /* Logger.m */; };
		7876C1E91ED5F8FB0083F592 /* libicucore.tbd in Frameworks */ = {isa = PBXBuildFile; fileRef = 7876C1E81ED5F8FB0083F592 /* libicucore.tbd */; };
		788223D31B7E98BF00A7C1B8 /* Utilities.m in Sources */ = {isa = PBXBuildFile; fileRef = 788223D21B7E98BF00A7C1B8 /* Utilities.m */; };
		78960D091EEADF8F0021B6B2 /* ECSignalingChannelDup.m in Sources */ = {isa = PBXBuildFile; fileRef = 78960D081EEADF8F0021B6B2 /* ECSignalingChannelDup.m */; };
		78A8EF731F8F9EAF00DE15E3 /* Pods_ErizoClient.framework in Frameworks */ = {isa = PBXBuildFile; fileRef = 78A8EF741F8F9EAF00DE15E3 /* Pods_ErizoClient.framework */; };
		78B75F571ED6058600249EE9 /* ECRoomTest.m in Sources */ = {isa = PBXBuildFile; fileRef = 78B75F561ED6058600249EE9 /* ECRoomTest.m */; };
		78B75F591ED605C400249EE9 /* ECUnitTest.m in Sources */ = {isa = PBXBuildFile; fileRef = 78B75F581ED605C400249EE9 /* ECUnitTest.m */; };
		78D5936C1B7C17FF00EDF432 /* ECClient.m in Sources */ = {isa = PBXBuildFile; fileRef = 78D593531B7C17FF00EDF432 /* ECClient.m */; };
		78D5936E1B7C17FF00EDF432 /* ECSignalingChannel.m in Sources */ = {isa = PBXBuildFile; fileRef = 78D593581B7C17FF00EDF432 /* ECSignalingChannel.m */; };
		78D5936F1B7C17FF00EDF432 /* ECSignalingMessage.m in Sources */ = {isa = PBXBuildFile; fileRef = 78D5935A1B7C17FF00EDF432 /* ECSignalingMessage.m */; };
		78D593711B7C17FF00EDF432 /* RTCIceCandidate+JSON.m in Sources */ = {isa = PBXBuildFile; fileRef = 78D5935F1B7C17FF00EDF432 /* RTCIceCandidate+JSON.m */; };
		78D593721B7C17FF00EDF432 /* RTCIceServer+JSON.m in Sources */ = {isa = PBXBuildFile; fileRef = 78D593611B7C17FF00EDF432 /* RTCIceServer+JSON.m */; };
		78D593731B7C17FF00EDF432 /* RTCSessionDescription+JSON.m in Sources */ = {isa = PBXBuildFile; fileRef = 78D593631B7C17FF00EDF432 /* RTCSessionDescription+JSON.m */; };
		78D593741B7C17FF00EDF432 /* SDPUtils.m in Sources */ = {isa = PBXBuildFile; fileRef = 78D593651B7C17FF00EDF432 /* SDPUtils.m */; };
		78D593761B7C17FF00EDF432 /* ECStream.m in Sources */ = {isa = PBXBuildFile; fileRef = 78D593691B7C17FF00EDF432 /* ECStream.m */; };
		78D593771B7C17FF00EDF432 /* ECRoom.m in Sources */ = {isa = PBXBuildFile; fileRef = 78D5936A1B7C17FF00EDF432 /* ECRoom.m */; };
		FFC8E03420D24F340027EDEF /* NSError+ECSignalingChannel.m in Sources */ = {isa = PBXBuildFile; fileRef = FFC8E03320D24F340027EDEF /* NSError+ECSignalingChannel.m */; };
/* End PBXBuildFile section */

/* Begin PBXContainerItemProxy section */
		7863E32E1B7C167500A34C50 /* PBXContainerItemProxy */ = {
			isa = PBXContainerItemProxy;
			containerPortal = 786C89501B7C10D800527918 /* Project object */;
			proxyType = 1;
			remoteGlobalIDString = 7863E3201B7C167400A34C50;
			remoteInfo = ErizoClient;
		};
/* End PBXContainerItemProxy section */

/* Begin PBXCopyFilesBuildPhase section */
		7863E31F1B7C167400A34C50 /* CopyFiles */ = {
			isa = PBXCopyFilesBuildPhase;
			buildActionMask = 12;
			dstPath = "include/$(PRODUCT_NAME)";
			dstSubfolderSpec = 16;
			files = (
			);
			runOnlyForDeploymentPostprocessing = 0;
		};
/* End PBXCopyFilesBuildPhase section */

/* Begin PBXFileReference section */
		3077201114BF0658A5460831 /* Pods_ErizoClientTests.framework */ = {isa = PBXFileReference; explicitFileType = wrapper.framework; includeInIndex = 0; path = Pods_ErizoClientTests.framework; sourceTree = BUILT_PRODUCTS_DIR; };
		780428BF1F279B0F0054E488 /* ECLicodeProtocol.h */ = {isa = PBXFileReference; lastKnownFileType = sourcecode.c.h; path = ECLicodeProtocol.h; sourceTree = "<group>"; };
		7814A0F51B83F6E600C18A9E /* README.md */ = {isa = PBXFileReference; fileEncoding = 4; lastKnownFileType = net.daringfireball.markdown; path = README.md; sourceTree = "<group>"; };
		781DA3F91E6AF0AF005670A2 /* ECClientDelegate.h */ = {isa = PBXFileReference; lastKnownFileType = sourcecode.c.h; path = ECClientDelegate.h; sourceTree = "<group>"; };
		781DA3FA1E6B1AC7005670A2 /* ECClientState.h */ = {isa = PBXFileReference; fileEncoding = 4; lastKnownFileType = sourcecode.c.h; path = ECClientState.h; sourceTree = "<group>"; };
		78353EDB1ECE4D4E00EAD85E /* ECSignalingEvent.h */ = {isa = PBXFileReference; fileEncoding = 4; lastKnownFileType = sourcecode.c.h; path = ECSignalingEvent.h; sourceTree = "<group>"; };
		78353EDC1ECE4D4E00EAD85E /* ECSignalingEvent.m */ = {isa = PBXFileReference; fileEncoding = 4; lastKnownFileType = sourcecode.c.objc; path = ECSignalingEvent.m; sourceTree = "<group>"; };
		783A84311EF96E2100092DBC /* ECClientTest.m */ = {isa = PBXFileReference; fileEncoding = 4; lastKnownFileType = sourcecode.c.objc; name = ECClientTest.m; path = RTC/ECClientTest.m; sourceTree = "<group>"; };
		785C80191B9DE13300DD721F /* ECPlayerView.m */ = {isa = PBXFileReference; fileEncoding = 4; lastKnownFileType = sourcecode.c.objc; path = ECPlayerView.m; sourceTree = "<group>"; };
		785C801A1B9DE13300DD721F /* ECPlayerView.h */ = {isa = PBXFileReference; fileEncoding = 4; lastKnownFileType = sourcecode.c.h; path = ECPlayerView.h; sourceTree = "<group>"; };
		7863E3211B7C167500A34C50 /* libErizoClient.a */ = {isa = PBXFileReference; explicitFileType = archive.ar; includeInIndex = 0; path = libErizoClient.a; sourceTree = BUILT_PRODUCTS_DIR; };
		7863E32C1B7C167500A34C50 /* ErizoClientTests.xctest */ = {isa = PBXFileReference; explicitFileType = wrapper.cfbundle; includeInIndex = 0; path = ErizoClientTests.xctest; sourceTree = BUILT_PRODUCTS_DIR; };
		7863E3321B7C167500A34C50 /* Info.plist */ = {isa = PBXFileReference; lastKnownFileType = text.plist.xml; path = Info.plist; sourceTree = "<group>"; };
		786A780A1EE9CFAC005963DD /* ECSignalingChannelTest.m */ = {isa = PBXFileReference; fileEncoding = 4; lastKnownFileType = sourcecode.c.objc; name = ECSignalingChannelTest.m; path = RTC/ECSignalingChannelTest.m; sourceTree = "<group>"; };
		7875E15C1B7ED6CE00BEE085 /* ErizoClient.m */ = {isa = PBXFileReference; fileEncoding = 4; lastKnownFileType = sourcecode.c.objc; path = ErizoClient.m; sourceTree = "<group>"; };
		7875E15D1B7ED6CE00BEE085 /* ErizoClient.h */ = {isa = PBXFileReference; fileEncoding = 4; lastKnownFileType = sourcecode.c.h; path = ErizoClient.h; sourceTree = "<group>"; };
		7876C1DC1ED5EA780083F592 /* ECStreamTest.m */ = {isa = PBXFileReference; fileEncoding = 4; lastKnownFileType = sourcecode.c.objc; path = ECStreamTest.m; sourceTree = "<group>"; };
		7876C1E81ED5F8FB0083F592 /* libicucore.tbd */ = {isa = PBXFileReference; lastKnownFileType = "sourcecode.text-based-dylib-definition"; name = libicucore.tbd; path = usr/lib/libicucore.tbd; sourceTree = SDKROOT; };
		787BB2101B7EB1CF00237A36 /* Logger.h */ = {isa = PBXFileReference; fileEncoding = 4; lastKnownFileType = sourcecode.c.h; path = Logger.h; sourceTree = "<group>"; };
		787BB2111B7EB1CF00237A36 /* Logger.m */ = {isa = PBXFileReference; fileEncoding = 4; lastKnownFileType = sourcecode.c.objc; path = Logger.m; sourceTree = "<group>"; };
		788223D11B7E98BF00A7C1B8 /* Utilities.h */ = {isa = PBXFileReference; fileEncoding = 4; lastKnownFileType = sourcecode.c.h; path = Utilities.h; sourceTree = "<group>"; };
		788223D21B7E98BF00A7C1B8 /* Utilities.m */ = {isa = PBXFileReference; fileEncoding = 4; lastKnownFileType = sourcecode.c.objc; path = Utilities.m; sourceTree = "<group>"; };
		78960D071EEADF8F0021B6B2 /* ECSignalingChannelDup.h */ = {isa = PBXFileReference; fileEncoding = 4; lastKnownFileType = sourcecode.c.h; name = ECSignalingChannelDup.h; path = DUP/ECSignalingChannelDup.h; sourceTree = "<group>"; };
		78960D081EEADF8F0021B6B2 /* ECSignalingChannelDup.m */ = {isa = PBXFileReference; fileEncoding = 4; lastKnownFileType = sourcecode.c.objc; name = ECSignalingChannelDup.m; path = DUP/ECSignalingChannelDup.m; sourceTree = "<group>"; };
		78A617441B7D246900982875 /* LICENSE */ = {isa = PBXFileReference; fileEncoding = 4; lastKnownFileType = text; name = LICENSE; path = ErizoClient/LICENSE; sourceTree = "<group>"; };
		78A8EF741F8F9EAF00DE15E3 /* Pods_ErizoClient.framework */ = {isa = PBXFileReference; explicitFileType = wrapper.framework; path = Pods_ErizoClient.framework; sourceTree = BUILT_PRODUCTS_DIR; };
		78B75F561ED6058600249EE9 /* ECRoomTest.m */ = {isa = PBXFileReference; fileEncoding = 4; lastKnownFileType = sourcecode.c.objc; path = ECRoomTest.m; sourceTree = "<group>"; };
		78B75F581ED605C400249EE9 /* ECUnitTest.m */ = {isa = PBXFileReference; fileEncoding = 4; lastKnownFileType = sourcecode.c.objc; path = ECUnitTest.m; sourceTree = "<group>"; };
		78B75F5A1ED6063200249EE9 /* ECUnitTest.h */ = {isa = PBXFileReference; fileEncoding = 4; lastKnownFileType = sourcecode.c.h; path = ECUnitTest.h; sourceTree = "<group>"; };
		78D593511B7C17FF00EDF432 /* ECClient+Internal.h */ = {isa = PBXFileReference; fileEncoding = 4; lastKnownFileType = sourcecode.c.h; path = "ECClient+Internal.h"; sourceTree = "<group>"; };
		78D593521B7C17FF00EDF432 /* ECClient.h */ = {isa = PBXFileReference; fileEncoding = 4; lastKnownFileType = sourcecode.c.h; path = ECClient.h; sourceTree = "<group>"; };
		78D593531B7C17FF00EDF432 /* ECClient.m */ = {isa = PBXFileReference; fileEncoding = 4; lastKnownFileType = sourcecode.c.objc; path = ECClient.m; sourceTree = "<group>"; };
		78D593571B7C17FF00EDF432 /* ECSignalingChannel.h */ = {isa = PBXFileReference; fileEncoding = 4; lastKnownFileType = sourcecode.c.h; path = ECSignalingChannel.h; sourceTree = "<group>"; };
		78D593581B7C17FF00EDF432 /* ECSignalingChannel.m */ = {isa = PBXFileReference; fileEncoding = 4; lastKnownFileType = sourcecode.c.objc; path = ECSignalingChannel.m; sourceTree = "<group>"; };
		78D593591B7C17FF00EDF432 /* ECSignalingMessage.h */ = {isa = PBXFileReference; fileEncoding = 4; lastKnownFileType = sourcecode.c.h; path = ECSignalingMessage.h; sourceTree = "<group>"; };
		78D5935A1B7C17FF00EDF432 /* ECSignalingMessage.m */ = {isa = PBXFileReference; fileEncoding = 4; lastKnownFileType = sourcecode.c.objc; path = ECSignalingMessage.m; sourceTree = "<group>"; };
		78D5935E1B7C17FF00EDF432 /* RTCIceCandidate+JSON.h */ = {isa = PBXFileReference; fileEncoding = 4; lastKnownFileType = sourcecode.c.h; path = "RTCIceCandidate+JSON.h"; sourceTree = "<group>"; };
		78D5935F1B7C17FF00EDF432 /* RTCIceCandidate+JSON.m */ = {isa = PBXFileReference; fileEncoding = 4; lastKnownFileType = sourcecode.c.objc; path = "RTCIceCandidate+JSON.m"; sourceTree = "<group>"; };
		78D593601B7C17FF00EDF432 /* RTCIceServer+JSON.h */ = {isa = PBXFileReference; fileEncoding = 4; lastKnownFileType = sourcecode.c.h; path = "RTCIceServer+JSON.h"; sourceTree = "<group>"; };
		78D593611B7C17FF00EDF432 /* RTCIceServer+JSON.m */ = {isa = PBXFileReference; fileEncoding = 4; lastKnownFileType = sourcecode.c.objc; path = "RTCIceServer+JSON.m"; sourceTree = "<group>"; };
		78D593621B7C17FF00EDF432 /* RTCSessionDescription+JSON.h */ = {isa = PBXFileReference; fileEncoding = 4; lastKnownFileType = sourcecode.c.h; path = "RTCSessionDescription+JSON.h"; sourceTree = "<group>"; };
		78D593631B7C17FF00EDF432 /* RTCSessionDescription+JSON.m */ = {isa = PBXFileReference; fileEncoding = 4; lastKnownFileType = sourcecode.c.objc; path = "RTCSessionDescription+JSON.m"; sourceTree = "<group>"; };
		78D593641B7C17FF00EDF432 /* SDPUtils.h */ = {isa = PBXFileReference; fileEncoding = 4; lastKnownFileType = sourcecode.c.h; path = SDPUtils.h; sourceTree = "<group>"; };
		78D593651B7C17FF00EDF432 /* SDPUtils.m */ = {isa = PBXFileReference; fileEncoding = 4; lastKnownFileType = sourcecode.c.objc; path = SDPUtils.m; sourceTree = "<group>"; };
		78D593681B7C17FF00EDF432 /* ECStream.h */ = {isa = PBXFileReference; fileEncoding = 4; lastKnownFileType = sourcecode.c.h; path = ECStream.h; sourceTree = "<group>"; };
		78D593691B7C17FF00EDF432 /* ECStream.m */ = {isa = PBXFileReference; fileEncoding = 4; lastKnownFileType = sourcecode.c.objc; path = ECStream.m; sourceTree = "<group>"; };
		78D5936A1B7C17FF00EDF432 /* ECRoom.m */ = {isa = PBXFileReference; fileEncoding = 4; lastKnownFileType = sourcecode.c.objc; path = ECRoom.m; sourceTree = "<group>"; };
		78D5936B1B7C17FF00EDF432 /* ECRoom.h */ = {isa = PBXFileReference; fileEncoding = 4; lastKnownFileType = sourcecode.c.h; path = ECRoom.h; sourceTree = "<group>"; };
		78D722161DEA3BC200995EAF /* Podfile */ = {isa = PBXFileReference; fileEncoding = 4; lastKnownFileType = text; path = Podfile; sourceTree = "<group>"; xcLanguageSpecificationIdentifier = xcode.lang.ruby; };
		78DD3FB41DF70C1900D139F9 /* ECRoomStatsProtocol.h */ = {isa = PBXFileReference; fileEncoding = 4; lastKnownFileType = sourcecode.c.h; path = ECRoomStatsProtocol.h; sourceTree = "<group>"; };
		78E539CF1B99E4F4004B63EF /* CHANGELOG */ = {isa = PBXFileReference; fileEncoding = 4; lastKnownFileType = text; path = CHANGELOG; sourceTree = "<group>"; };
		B916C67F7DBD8F27E3B4F7F5 /* Pods-ErizoClient.debug.xcconfig */ = {isa = PBXFileReference; includeInIndex = 1; lastKnownFileType = text.xcconfig; name = "Pods-ErizoClient.debug.xcconfig"; path = "Pods/Target Support Files/Pods-ErizoClient/Pods-ErizoClient.debug.xcconfig"; sourceTree = "<group>"; };
		C46FE2A8E0D86F786A534622 /* Pods-ErizoClient.release.xcconfig */ = {isa = PBXFileReference; includeInIndex = 1; lastKnownFileType = text.xcconfig; name = "Pods-ErizoClient.release.xcconfig"; path = "Pods/Target Support Files/Pods-ErizoClient/Pods-ErizoClient.release.xcconfig"; sourceTree = "<group>"; };
		FFC8E03220D24F340027EDEF /* NSError+ECSignalingChannel.h */ = {isa = PBXFileReference; lastKnownFileType = sourcecode.c.h; path = "NSError+ECSignalingChannel.h"; sourceTree = "<group>"; };
		FFC8E03320D24F340027EDEF /* NSError+ECSignalingChannel.m */ = {isa = PBXFileReference; lastKnownFileType = sourcecode.c.objc; path = "NSError+ECSignalingChannel.m"; sourceTree = "<group>"; };
		FFC8E03720D2563A0027EDEF /* ECSignalingChannelErrorCode.h */ = {isa = PBXFileReference; lastKnownFileType = sourcecode.c.h; path = ECSignalingChannelErrorCode.h; sourceTree = "<group>"; };
/* End PBXFileReference section */

/* Begin PBXFrameworksBuildPhase section */
		7863E31E1B7C167400A34C50 /* Frameworks */ = {
			isa = PBXFrameworksBuildPhase;
			buildActionMask = 2147483647;
			files = (
				78A8EF731F8F9EAF00DE15E3 /* Pods_ErizoClient.framework in Frameworks */,
			);
			runOnlyForDeploymentPostprocessing = 0;
		};
		7863E3291B7C167500A34C50 /* Frameworks */ = {
			isa = PBXFrameworksBuildPhase;
			buildActionMask = 2147483647;
			files = (
				7876C1E91ED5F8FB0083F592 /* libicucore.tbd in Frameworks */,
				7876C1E51ED5F8D90083F592 /* libErizoClient.a in Frameworks */,
			);
			runOnlyForDeploymentPostprocessing = 0;
		};
/* End PBXFrameworksBuildPhase section */

/* Begin PBXGroup section */
		7863E3221B7C167500A34C50 /* Products */ = {
			isa = PBXGroup;
			children = (
				7863E3211B7C167500A34C50 /* libErizoClient.a */,
				7863E32C1B7C167500A34C50 /* ErizoClientTests.xctest */,
			);
			name = Products;
			sourceTree = "<group>";
		};
		7863E3231B7C167500A34C50 /* ErizoClient */ = {
			isa = PBXGroup;
			children = (
				78D593501B7C17FF00EDF432 /* RTC */,
				785C801A1B9DE13300DD721F /* ECPlayerView.h */,
				785C80191B9DE13300DD721F /* ECPlayerView.m */,
				7875E15D1B7ED6CE00BEE085 /* ErizoClient.h */,
				7875E15C1B7ED6CE00BEE085 /* ErizoClient.m */,
				78D593681B7C17FF00EDF432 /* ECStream.h */,
				78D593691B7C17FF00EDF432 /* ECStream.m */,
				78D5936B1B7C17FF00EDF432 /* ECRoom.h */,
				78D5936A1B7C17FF00EDF432 /* ECRoom.m */,
				78DD3FB41DF70C1900D139F9 /* ECRoomStatsProtocol.h */,
			);
			path = ErizoClient;
			sourceTree = "<group>";
		};
		7863E3301B7C167500A34C50 /* ErizoClientTests */ = {
			isa = PBXGroup;
			children = (
				78960D061EEADF690021B6B2 /* DUP */,
				786A78091EE9CF65005963DD /* RTC */,
				78B75F5A1ED6063200249EE9 /* ECUnitTest.h */,
				78B75F581ED605C400249EE9 /* ECUnitTest.m */,
				7876C1DC1ED5EA780083F592 /* ECStreamTest.m */,
				78B75F561ED6058600249EE9 /* ECRoomTest.m */,
				783A84311EF96E2100092DBC /* ECClientTest.m */,
				7863E3311B7C167500A34C50 /* Supporting Files */,
			);
			path = ErizoClientTests;
			sourceTree = "<group>";
		};
		7863E3311B7C167500A34C50 /* Supporting Files */ = {
			isa = PBXGroup;
			children = (
				7863E3321B7C167500A34C50 /* Info.plist */,
			);
			name = "Supporting Files";
			sourceTree = "<group>";
		};
		786A78091EE9CF65005963DD /* RTC */ = {
			isa = PBXGroup;
			children = (
				786A780A1EE9CFAC005963DD /* ECSignalingChannelTest.m */,
			);
			name = RTC;
			sourceTree = "<group>";
		};
		786C894F1B7C10D800527918 = {
			isa = PBXGroup;
			children = (
				78D722161DEA3BC200995EAF /* Podfile */,
				78A617441B7D246900982875 /* LICENSE */,
				78E539CF1B99E4F4004B63EF /* CHANGELOG */,
				7814A0F51B83F6E600C18A9E /* README.md */,
				787BB20E1B7EB1BE00237A36 /* Vendor */,
				7863E3231B7C167500A34C50 /* ErizoClient */,
				7863E3301B7C167500A34C50 /* ErizoClientTests */,
				7863E3221B7C167500A34C50 /* Products */,
				C43177F10C612B2E5612461B /* Pods */,
				9F117EC74D99BD551F0814ED /* Frameworks */,
			);
			sourceTree = "<group>";
		};
		787BB20E1B7EB1BE00237A36 /* Vendor */ = {
			isa = PBXGroup;
			children = (
				787BB20F1B7EB1CF00237A36 /* Logger */,
			);
			name = Vendor;
			sourceTree = "<group>";
		};
		787BB20F1B7EB1CF00237A36 /* Logger */ = {
			isa = PBXGroup;
			children = (
				787BB2101B7EB1CF00237A36 /* Logger.h */,
				787BB2111B7EB1CF00237A36 /* Logger.m */,
			);
			name = Logger;
			path = Vendor/Logger;
			sourceTree = "<group>";
		};
		78960D061EEADF690021B6B2 /* DUP */ = {
			isa = PBXGroup;
			children = (
				78960D071EEADF8F0021B6B2 /* ECSignalingChannelDup.h */,
				78960D081EEADF8F0021B6B2 /* ECSignalingChannelDup.m */,
			);
			name = DUP;
			sourceTree = "<group>";
		};
		78D593501B7C17FF00EDF432 /* RTC */ = {
			isa = PBXGroup;
			children = (
				78353EDB1ECE4D4E00EAD85E /* ECSignalingEvent.h */,
				78353EDC1ECE4D4E00EAD85E /* ECSignalingEvent.m */,
				78D593521B7C17FF00EDF432 /* ECClient.h */,
				78D593531B7C17FF00EDF432 /* ECClient.m */,
				781DA3F91E6AF0AF005670A2 /* ECClientDelegate.h */,
				781DA3FA1E6B1AC7005670A2 /* ECClientState.h */,
				78D593511B7C17FF00EDF432 /* ECClient+Internal.h */,
				FFC8E03720D2563A0027EDEF /* ECSignalingChannelErrorCode.h */,
				FFC8E03220D24F340027EDEF /* NSError+ECSignalingChannel.h */,
				FFC8E03320D24F340027EDEF /* NSError+ECSignalingChannel.m */,
				78D593571B7C17FF00EDF432 /* ECSignalingChannel.h */,
				78D593581B7C17FF00EDF432 /* ECSignalingChannel.m */,
				78D593591B7C17FF00EDF432 /* ECSignalingMessage.h */,
				78D5935A1B7C17FF00EDF432 /* ECSignalingMessage.m */,
				78D5935E1B7C17FF00EDF432 /* RTCIceCandidate+JSON.h */,
				78D5935F1B7C17FF00EDF432 /* RTCIceCandidate+JSON.m */,
				78D593601B7C17FF00EDF432 /* RTCIceServer+JSON.h */,
				78D593611B7C17FF00EDF432 /* RTCIceServer+JSON.m */,
				78D593621B7C17FF00EDF432 /* RTCSessionDescription+JSON.h */,
				78D593631B7C17FF00EDF432 /* RTCSessionDescription+JSON.m */,
				78D593641B7C17FF00EDF432 /* SDPUtils.h */,
				78D593651B7C17FF00EDF432 /* SDPUtils.m */,
				788223D11B7E98BF00A7C1B8 /* Utilities.h */,
				788223D21B7E98BF00A7C1B8 /* Utilities.m */,
				780428BF1F279B0F0054E488 /* ECLicodeProtocol.h */,
			);
			name = RTC;
			path = rtc;
			sourceTree = "<group>";
		};
		9F117EC74D99BD551F0814ED /* Frameworks */ = {
			isa = PBXGroup;
			children = (
				78A8EF741F8F9EAF00DE15E3 /* Pods_ErizoClient.framework */,
				7876C1E81ED5F8FB0083F592 /* libicucore.tbd */,
				3077201114BF0658A5460831 /* Pods_ErizoClientTests.framework */,
			);
			name = Frameworks;
			sourceTree = "<group>";
		};
		C43177F10C612B2E5612461B /* Pods */ = {
			isa = PBXGroup;
			children = (
				B916C67F7DBD8F27E3B4F7F5 /* Pods-ErizoClient.debug.xcconfig */,
				C46FE2A8E0D86F786A534622 /* Pods-ErizoClient.release.xcconfig */,
			);
			name = Pods;
			sourceTree = "<group>";
		};
/* End PBXGroup section */

/* Begin PBXNativeTarget section */
		7863E3201B7C167400A34C50 /* ErizoClient */ = {
			isa = PBXNativeTarget;
			buildConfigurationList = 7863E3371B7C167500A34C50 /* Build configuration list for PBXNativeTarget "ErizoClient" */;
			buildPhases = (
				9BDAA9D31C9628C7C7F3C596 /* [CP] Check Pods Manifest.lock */,
				7863E31D1B7C167400A34C50 /* Sources */,
				7863E31E1B7C167400A34C50 /* Frameworks */,
				7863E31F1B7C167400A34C50 /* CopyFiles */,
				93A3E8E095EB8778BDE0AD8B /* [CP] Copy Pods Resources */,
			);
			buildRules = (
			);
			dependencies = (
			);
			name = ErizoClient;
			productName = ErizoClient;
			productReference = 7863E3211B7C167500A34C50 /* libErizoClient.a */;
			productType = "com.apple.product-type.library.static";
		};
		7863E32B1B7C167500A34C50 /* ErizoClientTests */ = {
			isa = PBXNativeTarget;
			buildConfigurationList = 7863E3381B7C167500A34C50 /* Build configuration list for PBXNativeTarget "ErizoClientTests" */;
			buildPhases = (
				7863E3281B7C167500A34C50 /* Sources */,
				7863E3291B7C167500A34C50 /* Frameworks */,
				7863E32A1B7C167500A34C50 /* Resources */,
			);
			buildRules = (
			);
			dependencies = (
				7863E32F1B7C167500A34C50 /* PBXTargetDependency */,
			);
			name = ErizoClientTests;
			productName = ErizoClientTests;
			productReference = 7863E32C1B7C167500A34C50 /* ErizoClientTests.xctest */;
			productType = "com.apple.product-type.bundle.unit-test";
		};
/* End PBXNativeTarget section */

/* Begin PBXProject section */
		786C89501B7C10D800527918 /* Project object */ = {
			isa = PBXProject;
			attributes = {
				LastUpgradeCheck = 0900;
				TargetAttributes = {
					7863E3201B7C167400A34C50 = {
						CreatedOnToolsVersion = 6.4;
					};
					7863E32B1B7C167500A34C50 = {
						CreatedOnToolsVersion = 6.4;
						DevelopmentTeam = 8836YPJSEN;
					};
					78A6173E1B7D228400982875 = {
						CreatedOnToolsVersion = 6.4;
					};
				};
			};
			buildConfigurationList = 786C89531B7C10D800527918 /* Build configuration list for PBXProject "ErizoClientIOS" */;
			compatibilityVersion = "Xcode 3.2";
			developmentRegion = English;
			hasScannedForEncodings = 0;
			knownRegions = (
				en,
			);
			mainGroup = 786C894F1B7C10D800527918;
			productRefGroup = 7863E3221B7C167500A34C50 /* Products */;
			projectDirPath = "";
			projectRoot = "";
			targets = (
				7863E3201B7C167400A34C50 /* ErizoClient */,
				7863E32B1B7C167500A34C50 /* ErizoClientTests */,
				78A6173E1B7D228400982875 /* ErizoClientIOS Documentation */,
			);
		};
/* End PBXProject section */

/* Begin PBXResourcesBuildPhase section */
		7863E32A1B7C167500A34C50 /* Resources */ = {
			isa = PBXResourcesBuildPhase;
			buildActionMask = 2147483647;
			files = (
			);
			runOnlyForDeploymentPostprocessing = 0;
		};
/* End PBXResourcesBuildPhase section */

/* Begin PBXShellScriptBuildPhase section */
		7875E1601B7EE4F900BEE085 /* ShellScript */ = {
			isa = PBXShellScriptBuildPhase;
			buildActionMask = 2147483647;
			files = (
			);
			inputPaths = (
			);
			outputPaths = (
			);
			runOnlyForDeploymentPostprocessing = 0;
			shellPath = /bin/sh;
			shellScript = "#appledoc Xcode script\n# Start constants\ncompany=\"Alvaro Gil (@zevarito)\";\ncompanyID=\"@zevarito\";\ncompanyURL=\"https://github.com/zevarito\";\ntarget=\"iphoneos\";\n#target=\"macosx\";\noutputPath=\"~/help\";\n# End constants\n/usr/local/bin/appledoc \\\n--project-name \"${PROJECT_NAME} Public API\" \\\n--project-company \"${company}\" \\\n--company-id \"${companyID}\" \\\n--output \"${PROJECT_DIR}/docs/public\" \\\n--docset-platform-family \"${target}\" \\\n--logformat xcode \\\n--keep-intermediate-files \\\n--no-repeat-first-par \\\n--no-warn-invalid-crossref \\\n--exit-threshold 2 \\\n--ignore \"${PROJECT_DIR}/ErizoClient/rtc\" \\\n\"${PROJECT_DIR}/ErizoClient\"";
		};
		78A617421B7D228E00982875 /* ShellScript */ = {
			isa = PBXShellScriptBuildPhase;
			buildActionMask = 2147483647;
			files = (
			);
			inputPaths = (
			);
			outputPaths = (
			);
			runOnlyForDeploymentPostprocessing = 0;
			shellPath = /bin/sh;
			shellScript = "#appledoc Xcode script\n# Start constants\ncompany=\"Alvaro Gil (@zevarito)\";\ncompanyID=\"@zevarito\";\ncompanyURL=\"https://github.com/zevarito\";\ntarget=\"iphoneos\";\n#target=\"macosx\";\noutputPath=\"~/help\";\n# End constants\n/usr/local/bin/appledoc \\\n--project-name \"${PROJECT_NAME} Developers Documentation\" \\\n--project-company \"${company}\" \\\n--company-id \"${companyID}\" \\\n--output \"${PROJECT_DIR}/docs/dev\" \\\n--docset-platform-family \"${target}\" \\\n--logformat xcode \\\n--keep-intermediate-files \\\n--no-repeat-first-par \\\n--no-warn-invalid-crossref \\\n--exit-threshold 2 \\\n--keep-undocumented-objects \\\n--keep-undocumented-members \\\n--search-undocumented-doc \\\n\"${PROJECT_DIR}/ErizoClient\"\n";
		};
		93A3E8E095EB8778BDE0AD8B /* [CP] Copy Pods Resources */ = {
			isa = PBXShellScriptBuildPhase;
			buildActionMask = 12;
			files = (
			);
			inputPaths = (
			);
			name = "[CP] Copy Pods Resources";
			outputPaths = (
			);
			runOnlyForDeploymentPostprocessing = 0;
			shellPath = /bin/sh;
			shellScript = "\"${SRCROOT}/../../rhinobird/IOSApp/Pods/Target Support Files/Pods-ErizoClient/Pods-ErizoClient-resources.sh\"\n";
			showEnvVarsInLog = 0;
		};
		9BDAA9D31C9628C7C7F3C596 /* [CP] Check Pods Manifest.lock */ = {
			isa = PBXShellScriptBuildPhase;
			buildActionMask = 2147483647;
			files = (
			);
			inputPaths = (
				"${PODS_PODFILE_DIR_PATH}/Podfile.lock",
				"${PODS_ROOT}/Manifest.lock",
			);
			name = "[CP] Check Pods Manifest.lock";
			outputPaths = (
				"$(DERIVED_FILE_DIR)/Pods-ErizoClient-checkManifestLockResult.txt",
			);
			runOnlyForDeploymentPostprocessing = 0;
			shellPath = /bin/sh;
			shellScript = "diff \"${PODS_PODFILE_DIR_PATH}/Podfile.lock\" \"${PODS_ROOT}/Manifest.lock\" > /dev/null\nif [ $? != 0 ] ; then\n    # print error to STDERR\n    echo \"error: The sandbox is not in sync with the Podfile.lock. Run 'pod install' or update your CocoaPods installation.\" >&2\n    exit 1\nfi\n# This output is used by Xcode 'outputs' to avoid re-running this script phase.\necho \"SUCCESS\" > \"${SCRIPT_OUTPUT_FILE_0}\"\n";
			showEnvVarsInLog = 0;
		};
/* End PBXShellScriptBuildPhase section */

/* Begin PBXSourcesBuildPhase section */
		7863E31D1B7C167400A34C50 /* Sources */ = {
			isa = PBXSourcesBuildPhase;
			buildActionMask = 2147483647;
			files = (
				7875E15E1B7ED6CE00BEE085 /* ErizoClient.m in Sources */,
				785C801B1B9DE13300DD721F /* ECPlayerView.m in Sources */,
				78D593761B7C17FF00EDF432 /* ECStream.m in Sources */,
				78D5936F1B7C17FF00EDF432 /* ECSignalingMessage.m in Sources */,
				78D593711B7C17FF00EDF432 /* RTCIceCandidate+JSON.m in Sources */,
				78D593721B7C17FF00EDF432 /* RTCIceServer+JSON.m in Sources */,
				FFC8E03420D24F340027EDEF /* NSError+ECSignalingChannel.m in Sources */,
				78D593731B7C17FF00EDF432 /* RTCSessionDescription+JSON.m in Sources */,
				78D5936C1B7C17FF00EDF432 /* ECClient.m in Sources */,
				78D5936E1B7C17FF00EDF432 /* ECSignalingChannel.m in Sources */,
				78D593741B7C17FF00EDF432 /* SDPUtils.m in Sources */,
				788223D31B7E98BF00A7C1B8 /* Utilities.m in Sources */,
				78353EDD1ECE4D4E00EAD85E /* ECSignalingEvent.m in Sources */,
				78D593771B7C17FF00EDF432 /* ECRoom.m in Sources */,
			);
			runOnlyForDeploymentPostprocessing = 0;
		};
		7863E3281B7C167500A34C50 /* Sources */ = {
			isa = PBXSourcesBuildPhase;
			buildActionMask = 2147483647;
			files = (
				786A780B1EE9CFAC005963DD /* ECSignalingChannelTest.m in Sources */,
				78B75F571ED6058600249EE9 /* ECRoomTest.m in Sources */,
				78960D091EEADF8F0021B6B2 /* ECSignalingChannelDup.m in Sources */,
				783A84321EF96E2100092DBC /* ECClientTest.m in Sources */,
				7876C1E71ED5F8E70083F592 /* Logger.m in Sources */,
				7876C1DD1ED5EA780083F592 /* ECStreamTest.m in Sources */,
				78B75F591ED605C400249EE9 /* ECUnitTest.m in Sources */,
			);
			runOnlyForDeploymentPostprocessing = 0;
		};
/* End PBXSourcesBuildPhase section */

/* Begin PBXTargetDependency section */
		7863E32F1B7C167500A34C50 /* PBXTargetDependency */ = {
			isa = PBXTargetDependency;
			target = 7863E3201B7C167400A34C50 /* ErizoClient */;
			targetProxy = 7863E32E1B7C167500A34C50 /* PBXContainerItemProxy */;
		};
/* End PBXTargetDependency section */

/* Begin XCBuildConfiguration section */
		7863E3331B7C167500A34C50 /* Debug */ = {
			isa = XCBuildConfiguration;
			baseConfigurationReference = B916C67F7DBD8F27E3B4F7F5 /* Pods-ErizoClient.debug.xcconfig */;
			buildSettings = {
				ALWAYS_SEARCH_USER_PATHS = NO;
				CLANG_CXX_LANGUAGE_STANDARD = "gnu++0x";
				CLANG_CXX_LIBRARY = "libc++";
				CLANG_ENABLE_MODULES = YES;
				CLANG_ENABLE_OBJC_ARC = YES;
				CLANG_WARN_BOOL_CONVERSION = YES;
				CLANG_WARN_CONSTANT_CONVERSION = YES;
				CLANG_WARN_DIRECT_OBJC_ISA_USAGE = YES_ERROR;
				CLANG_WARN_EMPTY_BODY = YES;
				CLANG_WARN_ENUM_CONVERSION = YES;
				CLANG_WARN_INT_CONVERSION = YES;
				CLANG_WARN_OBJC_ROOT_CLASS = YES_ERROR;
				CLANG_WARN_UNREACHABLE_CODE = YES;
				CLANG_WARN__DUPLICATE_METHOD_MATCH = YES;
				COPY_PHASE_STRIP = NO;
				DEBUG_INFORMATION_FORMAT = "dwarf-with-dsym";
				ENABLE_BITCODE = NO;
				ENABLE_STRICT_OBJC_MSGSEND = YES;
				FRAMEWORK_SEARCH_PATHS = "$(inherited)";
				GCC_C_LANGUAGE_STANDARD = gnu99;
				GCC_DYNAMIC_NO_PIC = NO;
				GCC_NO_COMMON_BLOCKS = YES;
				GCC_OPTIMIZATION_LEVEL = 0;
				GCC_PREPROCESSOR_DEFINITIONS = (
					"DEBUG=1",
					"$(inherited)",
				);
				GCC_SYMBOLS_PRIVATE_EXTERN = NO;
				GCC_WARN_64_TO_32_BIT_CONVERSION = YES;
				GCC_WARN_ABOUT_RETURN_TYPE = YES_ERROR;
				GCC_WARN_UNDECLARED_SELECTOR = YES;
				GCC_WARN_UNINITIALIZED_AUTOS = YES_AGGRESSIVE;
				GCC_WARN_UNUSED_FUNCTION = YES;
				GCC_WARN_UNUSED_VARIABLE = YES;
				HEADER_SEARCH_PATHS = (
					"$(inherited)",
					"$(SRCROOT)/Vendor/**",
				);
				INSTALL_PATH = "";
				IPHONEOS_DEPLOYMENT_TARGET = 8.0;
				LIBRARY_SEARCH_PATHS = (
					"$(inherited)",
					"$(SRCROOT)/Pods/../build/Debug-iphoneos",
					"$(PROJECT_DIR)/build/Debug-iphoneos",
				);
				MTL_ENABLE_DEBUG_INFO = YES;
				ONLY_ACTIVE_ARCH = YES;
				OTHER_LDFLAGS = "$(inherited)";
				PRODUCT_NAME = "$(TARGET_NAME)";
				SDKROOT = iphoneos;
				SKIP_INSTALL = YES;
				VALID_ARCHS = "$(ARCHS_STANDARD)";
			};
			name = Debug;
		};
		7863E3341B7C167500A34C50 /* Release */ = {
			isa = XCBuildConfiguration;
			baseConfigurationReference = C46FE2A8E0D86F786A534622 /* Pods-ErizoClient.release.xcconfig */;
			buildSettings = {
				ALWAYS_SEARCH_USER_PATHS = NO;
				CLANG_CXX_LANGUAGE_STANDARD = "gnu++0x";
				CLANG_CXX_LIBRARY = "libc++";
				CLANG_ENABLE_MODULES = YES;
				CLANG_ENABLE_OBJC_ARC = YES;
				CLANG_WARN_BOOL_CONVERSION = YES;
				CLANG_WARN_CONSTANT_CONVERSION = YES;
				CLANG_WARN_DIRECT_OBJC_ISA_USAGE = YES_ERROR;
				CLANG_WARN_EMPTY_BODY = YES;
				CLANG_WARN_ENUM_CONVERSION = YES;
				CLANG_WARN_INT_CONVERSION = YES;
				CLANG_WARN_OBJC_ROOT_CLASS = YES_ERROR;
				CLANG_WARN_UNREACHABLE_CODE = YES;
				CLANG_WARN__DUPLICATE_METHOD_MATCH = YES;
				COPY_PHASE_STRIP = NO;
				DEBUG_INFORMATION_FORMAT = "dwarf-with-dsym";
				ENABLE_BITCODE = NO;
				ENABLE_NS_ASSERTIONS = NO;
				ENABLE_STRICT_OBJC_MSGSEND = YES;
				FRAMEWORK_SEARCH_PATHS = "$(inherited)";
				GCC_C_LANGUAGE_STANDARD = gnu99;
				GCC_NO_COMMON_BLOCKS = YES;
				GCC_WARN_64_TO_32_BIT_CONVERSION = YES;
				GCC_WARN_ABOUT_RETURN_TYPE = YES_ERROR;
				GCC_WARN_UNDECLARED_SELECTOR = YES;
				GCC_WARN_UNINITIALIZED_AUTOS = YES_AGGRESSIVE;
				GCC_WARN_UNUSED_FUNCTION = YES;
				GCC_WARN_UNUSED_VARIABLE = YES;
				HEADER_SEARCH_PATHS = (
					"$(inherited)",
					"$(SRCROOT)/Vendor/**",
				);
				INSTALL_PATH = "";
				IPHONEOS_DEPLOYMENT_TARGET = 8.0;
				LIBRARY_SEARCH_PATHS = (
					"$(inherited)",
					"$(SRCROOT)/Pods/../build/Release-iphoneos",
					"$(PROJECT_DIR)/build/Debug-iphoneos",
				);
				MTL_ENABLE_DEBUG_INFO = NO;
				ONLY_ACTIVE_ARCH = NO;
				OTHER_LDFLAGS = "$(inherited)";
				PRODUCT_NAME = "$(TARGET_NAME)";
				SDKROOT = iphoneos;
				SKIP_INSTALL = YES;
				"USER_HEADER_SEARCH_PATHS[arch=*]" = Yes;
				VALIDATE_PRODUCT = YES;
				VALID_ARCHS = "$(ARCHS_STANDARD)";
			};
			name = Release;
		};
		7863E3351B7C167500A34C50 /* Debug */ = {
			isa = XCBuildConfiguration;
			buildSettings = {
				ALWAYS_EMBED_SWIFT_STANDARD_LIBRARIES = YES;
				ALWAYS_SEARCH_USER_PATHS = NO;
				CLANG_CXX_LANGUAGE_STANDARD = "gnu++0x";
				CLANG_CXX_LIBRARY = "libc++";
				CLANG_ENABLE_MODULES = YES;
				CLANG_ENABLE_OBJC_ARC = YES;
				CLANG_WARN_BOOL_CONVERSION = YES;
				CLANG_WARN_CONSTANT_CONVERSION = YES;
				CLANG_WARN_DIRECT_OBJC_ISA_USAGE = YES_ERROR;
				CLANG_WARN_EMPTY_BODY = YES;
				CLANG_WARN_ENUM_CONVERSION = YES;
				CLANG_WARN_INT_CONVERSION = YES;
				CLANG_WARN_OBJC_ROOT_CLASS = YES_ERROR;
				CLANG_WARN_UNREACHABLE_CODE = YES;
				CLANG_WARN__DUPLICATE_METHOD_MATCH = YES;
				"CODE_SIGN_IDENTITY[sdk=iphoneos*]" = "iPhone Developer";
				COPY_PHASE_STRIP = NO;
				DEBUG_INFORMATION_FORMAT = "dwarf-with-dsym";
				DEVELOPMENT_TEAM = 8836YPJSEN;
				ENABLE_STRICT_OBJC_MSGSEND = YES;
				FRAMEWORK_SEARCH_PATHS = (
					"$(SDKROOT)/Developer/Library/Frameworks",
					"$(inherited)",
				);
				GCC_C_LANGUAGE_STANDARD = gnu99;
				GCC_DYNAMIC_NO_PIC = NO;
				GCC_NO_COMMON_BLOCKS = YES;
				GCC_OPTIMIZATION_LEVEL = 0;
				GCC_PREPROCESSOR_DEFINITIONS = (
					"DEBUG=1",
					"$(inherited)",
				);
				GCC_SYMBOLS_PRIVATE_EXTERN = NO;
				GCC_WARN_64_TO_32_BIT_CONVERSION = YES;
				GCC_WARN_ABOUT_RETURN_TYPE = YES_ERROR;
				GCC_WARN_UNDECLARED_SELECTOR = YES;
				GCC_WARN_UNINITIALIZED_AUTOS = YES_AGGRESSIVE;
				GCC_WARN_UNUSED_FUNCTION = YES;
				GCC_WARN_UNUSED_VARIABLE = YES;
				INFOPLIST_FILE = ErizoClientTests/Info.plist;
				IPHONEOS_DEPLOYMENT_TARGET = 8.0;
				LD_RUNPATH_SEARCH_PATHS = "$(inherited) @executable_path/Frameworks @loader_path/Frameworks";
				LIBRARY_SEARCH_PATHS = (
					"$(inherited)",
					"$(PROJECT_DIR)/Build/Products/Debug-iphonesimulator",
					"$(PROJECT_DIR)/build/Debug-iphoneos",
				);
				MTL_ENABLE_DEBUG_INFO = YES;
				ONLY_ACTIVE_ARCH = YES;
				PRODUCT_NAME = "$(TARGET_NAME)";
				SDKROOT = iphoneos;
			};
			name = Debug;
		};
		7863E3361B7C167500A34C50 /* Release */ = {
			isa = XCBuildConfiguration;
			buildSettings = {
				ALWAYS_EMBED_SWIFT_STANDARD_LIBRARIES = YES;
				ALWAYS_SEARCH_USER_PATHS = NO;
				CLANG_CXX_LANGUAGE_STANDARD = "gnu++0x";
				CLANG_CXX_LIBRARY = "libc++";
				CLANG_ENABLE_MODULES = YES;
				CLANG_ENABLE_OBJC_ARC = YES;
				CLANG_WARN_BOOL_CONVERSION = YES;
				CLANG_WARN_CONSTANT_CONVERSION = YES;
				CLANG_WARN_DIRECT_OBJC_ISA_USAGE = YES_ERROR;
				CLANG_WARN_EMPTY_BODY = YES;
				CLANG_WARN_ENUM_CONVERSION = YES;
				CLANG_WARN_INT_CONVERSION = YES;
				CLANG_WARN_OBJC_ROOT_CLASS = YES_ERROR;
				CLANG_WARN_UNREACHABLE_CODE = YES;
				CLANG_WARN__DUPLICATE_METHOD_MATCH = YES;
				"CODE_SIGN_IDENTITY[sdk=iphoneos*]" = "iPhone Developer";
				COPY_PHASE_STRIP = NO;
				DEBUG_INFORMATION_FORMAT = "dwarf-with-dsym";
				DEVELOPMENT_TEAM = 8836YPJSEN;
				ENABLE_NS_ASSERTIONS = NO;
				ENABLE_STRICT_OBJC_MSGSEND = YES;
				FRAMEWORK_SEARCH_PATHS = (
					"$(SDKROOT)/Developer/Library/Frameworks",
					"$(inherited)",
				);
				GCC_C_LANGUAGE_STANDARD = gnu99;
				GCC_NO_COMMON_BLOCKS = YES;
				GCC_WARN_64_TO_32_BIT_CONVERSION = YES;
				GCC_WARN_ABOUT_RETURN_TYPE = YES_ERROR;
				GCC_WARN_UNDECLARED_SELECTOR = YES;
				GCC_WARN_UNINITIALIZED_AUTOS = YES_AGGRESSIVE;
				GCC_WARN_UNUSED_FUNCTION = YES;
				GCC_WARN_UNUSED_VARIABLE = YES;
				INFOPLIST_FILE = ErizoClientTests/Info.plist;
				IPHONEOS_DEPLOYMENT_TARGET = 8.0;
				LD_RUNPATH_SEARCH_PATHS = "$(inherited) @executable_path/Frameworks @loader_path/Frameworks";
				LIBRARY_SEARCH_PATHS = (
					"$(inherited)",
					"$(PROJECT_DIR)/Build/Products/Debug-iphonesimulator",
					"$(PROJECT_DIR)/build/Debug-iphoneos",
				);
				MTL_ENABLE_DEBUG_INFO = NO;
				ONLY_ACTIVE_ARCH = YES;
				PRODUCT_NAME = "$(TARGET_NAME)";
				SDKROOT = iphoneos;
				VALIDATE_PRODUCT = YES;
			};
			name = Release;
		};
		786C89541B7C10D800527918 /* Debug */ = {
			isa = XCBuildConfiguration;
			baseConfigurationReference = B916C67F7DBD8F27E3B4F7F5 /* Pods-ErizoClient.debug.xcconfig */;
			buildSettings = {
				ALWAYS_SEARCH_USER_PATHS = YES;
				CLANG_WARN_BLOCK_CAPTURE_AUTORELEASING = YES;
				CLANG_WARN_BOOL_CONVERSION = YES;
				CLANG_WARN_COMMA = YES;
				CLANG_WARN_CONSTANT_CONVERSION = YES;
				CLANG_WARN_EMPTY_BODY = YES;
				CLANG_WARN_ENUM_CONVERSION = YES;
				CLANG_WARN_INFINITE_RECURSION = YES;
				CLANG_WARN_INT_CONVERSION = YES;
				CLANG_WARN_NON_LITERAL_NULL_CONVERSION = YES;
				CLANG_WARN_OBJC_LITERAL_CONVERSION = YES;
				CLANG_WARN_RANGE_LOOP_ANALYSIS = YES;
				CLANG_WARN_STRICT_PROTOTYPES = YES;
				CLANG_WARN_SUSPICIOUS_MOVE = YES;
				CLANG_WARN_UNREACHABLE_CODE = YES;
				CLANG_WARN__DUPLICATE_METHOD_MATCH = YES;
				ENABLE_BITCODE = NO;
				ENABLE_STRICT_OBJC_MSGSEND = YES;
				ENABLE_TESTABILITY = YES;
				FRAMEWORK_SEARCH_PATHS = "$(inherited)";
				GCC_NO_COMMON_BLOCKS = YES;
				GCC_WARN_64_TO_32_BIT_CONVERSION = YES;
				GCC_WARN_ABOUT_RETURN_TYPE = YES;
				GCC_WARN_UNDECLARED_SELECTOR = YES;
				GCC_WARN_UNINITIALIZED_AUTOS = YES;
				GCC_WARN_UNUSED_FUNCTION = YES;
				GCC_WARN_UNUSED_VARIABLE = YES;
				HEADER_SEARCH_PATHS = "$(inherited)";
				IPHONEOS_DEPLOYMENT_TARGET = 8.0;
				LIBRARY_SEARCH_PATHS = "$(inherited)";
				ONLY_ACTIVE_ARCH = YES;
				SCAN_ALL_SOURCE_FILES_FOR_INCLUDES = YES;
				SDKROOT = iphoneos;
				VALID_ARCHS = "$(ARCHS_STANDARD)";
			};
			name = Debug;
		};
		786C89551B7C10D800527918 /* Release */ = {
			isa = XCBuildConfiguration;
			baseConfigurationReference = C46FE2A8E0D86F786A534622 /* Pods-ErizoClient.release.xcconfig */;
			buildSettings = {
				ALWAYS_SEARCH_USER_PATHS = YES;
				CLANG_WARN_BLOCK_CAPTURE_AUTORELEASING = YES;
				CLANG_WARN_BOOL_CONVERSION = YES;
				CLANG_WARN_COMMA = YES;
				CLANG_WARN_CONSTANT_CONVERSION = YES;
				CLANG_WARN_EMPTY_BODY = YES;
				CLANG_WARN_ENUM_CONVERSION = YES;
				CLANG_WARN_INFINITE_RECURSION = YES;
				CLANG_WARN_INT_CONVERSION = YES;
				CLANG_WARN_NON_LITERAL_NULL_CONVERSION = YES;
				CLANG_WARN_OBJC_LITERAL_CONVERSION = YES;
				CLANG_WARN_RANGE_LOOP_ANALYSIS = YES;
				CLANG_WARN_STRICT_PROTOTYPES = YES;
				CLANG_WARN_SUSPICIOUS_MOVE = YES;
				CLANG_WARN_UNREACHABLE_CODE = YES;
				CLANG_WARN__DUPLICATE_METHOD_MATCH = YES;
				ENABLE_BITCODE = NO;
				ENABLE_STRICT_OBJC_MSGSEND = YES;
				FRAMEWORK_SEARCH_PATHS = "$(inherited)";
				GCC_NO_COMMON_BLOCKS = YES;
				GCC_PREPROCESSOR_DEFINITIONS = "";
				GCC_WARN_64_TO_32_BIT_CONVERSION = YES;
				GCC_WARN_ABOUT_RETURN_TYPE = YES;
				GCC_WARN_UNDECLARED_SELECTOR = YES;
				GCC_WARN_UNINITIALIZED_AUTOS = YES;
				GCC_WARN_UNUSED_FUNCTION = YES;
				GCC_WARN_UNUSED_VARIABLE = YES;
				HEADER_SEARCH_PATHS = "$(inherited)";
				IPHONEOS_DEPLOYMENT_TARGET = 8.0;
				LIBRARY_SEARCH_PATHS = "";
				ONLY_ACTIVE_ARCH = NO;
				SCAN_ALL_SOURCE_FILES_FOR_INCLUDES = YES;
				SDKROOT = iphoneos;
				VALID_ARCHS = "$(ARCHS_STANDARD)";
			};
			name = Release;
		};
		78A6173F1B7D228400982875 /* Debug */ = {
			isa = XCBuildConfiguration;
			buildSettings = {
				PRODUCT_NAME = "$(TARGET_NAME)";
			};
			name = Debug;
		};
		78A617401B7D228400982875 /* Release */ = {
			isa = XCBuildConfiguration;
			buildSettings = {
				PRODUCT_NAME = "$(TARGET_NAME)";
			};
			name = Release;
		};
/* End XCBuildConfiguration section */

/* Begin XCConfigurationList section */
		7863E3371B7C167500A34C50 /* Build configuration list for PBXNativeTarget "ErizoClient" */ = {
			isa = XCConfigurationList;
			buildConfigurations = (
				7863E3331B7C167500A34C50 /* Debug */,
				7863E3341B7C167500A34C50 /* Release */,
			);
			defaultConfigurationIsVisible = 0;
			defaultConfigurationName = Release;
		};
		7863E3381B7C167500A34C50 /* Build configuration list for PBXNativeTarget "ErizoClientTests" */ = {
			isa = XCConfigurationList;
			buildConfigurations = (
				7863E3351B7C167500A34C50 /* Debug */,
				7863E3361B7C167500A34C50 /* Release */,
			);
			defaultConfigurationIsVisible = 0;
			defaultConfigurationName = Release;
		};
		786C89531B7C10D800527918 /* Build configuration list for PBXProject "ErizoClientIOS" */ = {
			isa = XCConfigurationList;
			buildConfigurations = (
				786C89541B7C10D800527918 /* Debug */,
				786C89551B7C10D800527918 /* Release */,
			);
			defaultConfigurationIsVisible = 0;
			defaultConfigurationName = Release;
		};
		78A617411B7D228400982875 /* Build configuration list for PBXAggregateTarget "ErizoClientIOS Documentation" */ = {
			isa = XCConfigurationList;
			buildConfigurations = (
				78A6173F1B7D228400982875 /* Debug */,
				78A617401B7D228400982875 /* Release */,
			);
			defaultConfigurationIsVisible = 0;
			defaultConfigurationName = Release;
		};
/* End XCConfigurationList section */
	};
	rootObject = 786C89501B7C10D800527918 /* Project object */;
}
