<?xml version="1.0" encoding="UTF-8"?>
<!DOCTYPE plist PUBLIC "-//Apple//DTD PLIST 1.0//EN" "http://www.apple.com/DTDs/PropertyList-1.0.dtd">
<plist version="1.0">
<dict>
	<key>archiveVersion</key>
	<string>1</string>
	<key>classes</key>
	<dict/>
	<key>objectVersion</key>
	<string>46</string>
	<key>objects</key>
	<dict>
		<key>69631C5AA1ADB7F2C2E4888F</key>
		<dict>
			<key>explicitFileType</key>
			<string>archive.ar</string>
			<key>includeInIndex</key>
			<string>0</string>
			<key>isa</key>
			<string>PBXFileReference</string>
			<key>path</key>
			<string>libPods-ErizoClient.a</string>
			<key>sourceTree</key>
			<string>BUILT_PRODUCTS_DIR</string>
		</dict>
		<key>74812ABF8A549B5D6241A131</key>
		<dict>
			<key>fileRef</key>
			<string>69631C5AA1ADB7F2C2E4888F</string>
			<key>isa</key>
			<string>PBXBuildFile</string>
		</dict>
		<key>7814A0F51B83F6E600C18A9E</key>
		<dict>
			<key>fileEncoding</key>
			<string>4</string>
			<key>isa</key>
			<string>PBXFileReference</string>
			<key>lastKnownFileType</key>
			<string>net.daringfireball.markdown</string>
			<key>path</key>
			<string>README.md</string>
			<key>sourceTree</key>
			<string>&lt;group&gt;</string>
		</dict>
		<key>785C80191B9DE13300DD721F</key>
		<dict>
			<key>fileEncoding</key>
			<string>4</string>
			<key>isa</key>
			<string>PBXFileReference</string>
			<key>lastKnownFileType</key>
			<string>sourcecode.c.objc</string>
			<key>path</key>
			<string>ECPlayerView.m</string>
			<key>sourceTree</key>
			<string>&lt;group&gt;</string>
		</dict>
		<key>785C801A1B9DE13300DD721F</key>
		<dict>
			<key>fileEncoding</key>
			<string>4</string>
			<key>isa</key>
			<string>PBXFileReference</string>
			<key>lastKnownFileType</key>
			<string>sourcecode.c.h</string>
			<key>path</key>
			<string>ECPlayerView.h</string>
			<key>sourceTree</key>
			<string>&lt;group&gt;</string>
		</dict>
		<key>785C801B1B9DE13300DD721F</key>
		<dict>
			<key>fileRef</key>
			<string>785C80191B9DE13300DD721F</string>
			<key>isa</key>
			<string>PBXBuildFile</string>
		</dict>
		<key>7863E31D1B7C167400A34C50</key>
		<dict>
			<key>buildActionMask</key>
			<string>2147483647</string>
			<key>files</key>
			<array>
				<string>787BB2281B7EB1E100237A36</string>
				<string>787BB2261B7EB1E100237A36</string>
				<string>787BB2231B7EB1E100237A36</string>
				<string>787BB2251B7EB1E100237A36</string>
				<string>787BB2241B7EB1E100237A36</string>
				<string>787BB2271B7EB1E100237A36</string>
				<string>7875E15E1B7ED6CE00BEE085</string>
				<string>785C801B1B9DE13300DD721F</string>
				<string>78D593761B7C17FF00EDF432</string>
				<string>78D5936F1B7C17FF00EDF432</string>
				<string>78D593711B7C17FF00EDF432</string>
				<string>78D593721B7C17FF00EDF432</string>
				<string>78D593731B7C17FF00EDF432</string>
				<string>78D5936C1B7C17FF00EDF432</string>
				<string>78D5936E1B7C17FF00EDF432</string>
				<string>78D593741B7C17FF00EDF432</string>
				<string>788223D31B7E98BF00A7C1B8</string>
				<string>78D593771B7C17FF00EDF432</string>
			</array>
			<key>isa</key>
			<string>PBXSourcesBuildPhase</string>
			<key>runOnlyForDeploymentPostprocessing</key>
			<string>0</string>
		</dict>
		<key>7863E31E1B7C167400A34C50</key>
		<dict>
			<key>buildActionMask</key>
			<string>2147483647</string>
			<key>files</key>
			<array>
				<string>74812ABF8A549B5D6241A131</string>
			</array>
			<key>isa</key>
			<string>PBXFrameworksBuildPhase</string>
			<key>runOnlyForDeploymentPostprocessing</key>
			<string>0</string>
		</dict>
		<key>7863E31F1B7C167400A34C50</key>
		<dict>
			<key>buildActionMask</key>
			<string>12</string>
			<key>dstPath</key>
			<string>include/$(PRODUCT_NAME)</string>
			<key>dstSubfolderSpec</key>
			<string>16</string>
			<key>files</key>
			<array/>
			<key>isa</key>
			<string>PBXCopyFilesBuildPhase</string>
			<key>runOnlyForDeploymentPostprocessing</key>
			<string>0</string>
		</dict>
		<key>7863E3201B7C167400A34C50</key>
		<dict>
			<key>buildConfigurationList</key>
			<string>7863E3371B7C167500A34C50</string>
			<key>buildPhases</key>
			<array>
				<string>9BDAA9D31C9628C7C7F3C596</string>
				<string>7863E31D1B7C167400A34C50</string>
				<string>7863E31E1B7C167400A34C50</string>
				<string>7863E31F1B7C167400A34C50</string>
				<string>93A3E8E095EB8778BDE0AD8B</string>
			</array>
			<key>buildRules</key>
			<array/>
			<key>dependencies</key>
			<array/>
			<key>isa</key>
			<string>PBXNativeTarget</string>
			<key>name</key>
			<string>ErizoClient</string>
			<key>productName</key>
			<string>ErizoClient</string>
			<key>productReference</key>
			<string>7863E3211B7C167500A34C50</string>
			<key>productType</key>
			<string>com.apple.product-type.library.static</string>
		</dict>
		<key>7863E3211B7C167500A34C50</key>
		<dict>
			<key>explicitFileType</key>
			<string>archive.ar</string>
			<key>includeInIndex</key>
			<string>0</string>
			<key>isa</key>
			<string>PBXFileReference</string>
			<key>path</key>
			<string>libErizoClient.a</string>
			<key>sourceTree</key>
			<string>BUILT_PRODUCTS_DIR</string>
		</dict>
		<key>7863E3221B7C167500A34C50</key>
		<dict>
			<key>children</key>
			<array>
				<string>7863E3211B7C167500A34C50</string>
				<string>7863E32C1B7C167500A34C50</string>
			</array>
			<key>isa</key>
			<string>PBXGroup</string>
			<key>name</key>
			<string>Products</string>
			<key>sourceTree</key>
			<string>&lt;group&gt;</string>
		</dict>
		<key>7863E3231B7C167500A34C50</key>
		<dict>
			<key>children</key>
			<array>
				<string>78D593501B7C17FF00EDF432</string>
				<string>785C801A1B9DE13300DD721F</string>
				<string>785C80191B9DE13300DD721F</string>
				<string>7875E15D1B7ED6CE00BEE085</string>
				<string>7875E15C1B7ED6CE00BEE085</string>
				<string>78D593681B7C17FF00EDF432</string>
				<string>78D593691B7C17FF00EDF432</string>
				<string>78D5936B1B7C17FF00EDF432</string>
				<string>78D5936A1B7C17FF00EDF432</string>
			</array>
			<key>isa</key>
			<string>PBXGroup</string>
			<key>path</key>
			<string>ErizoClient</string>
			<key>sourceTree</key>
			<string>&lt;group&gt;</string>
		</dict>
		<key>7863E3281B7C167500A34C50</key>
		<dict>
			<key>buildActionMask</key>
			<string>2147483647</string>
			<key>files</key>
			<array/>
			<key>isa</key>
			<string>PBXSourcesBuildPhase</string>
			<key>runOnlyForDeploymentPostprocessing</key>
			<string>0</string>
		</dict>
		<key>7863E3291B7C167500A34C50</key>
		<dict>
			<key>buildActionMask</key>
			<string>2147483647</string>
			<key>files</key>
			<array>
				<string>7863E32D1B7C167500A34C50</string>
			</array>
			<key>isa</key>
			<string>PBXFrameworksBuildPhase</string>
			<key>runOnlyForDeploymentPostprocessing</key>
			<string>0</string>
		</dict>
		<key>7863E32A1B7C167500A34C50</key>
		<dict>
			<key>buildActionMask</key>
			<string>2147483647</string>
			<key>files</key>
			<array/>
			<key>isa</key>
			<string>PBXResourcesBuildPhase</string>
			<key>runOnlyForDeploymentPostprocessing</key>
			<string>0</string>
		</dict>
		<key>7863E32B1B7C167500A34C50</key>
		<dict>
			<key>buildConfigurationList</key>
			<string>7863E3381B7C167500A34C50</string>
			<key>buildPhases</key>
			<array>
				<string>7863E3281B7C167500A34C50</string>
				<string>7863E3291B7C167500A34C50</string>
				<string>7863E32A1B7C167500A34C50</string>
			</array>
			<key>buildRules</key>
			<array/>
			<key>dependencies</key>
			<array>
				<string>7863E32F1B7C167500A34C50</string>
			</array>
			<key>isa</key>
			<string>PBXNativeTarget</string>
			<key>name</key>
			<string>ErizoClientTests</string>
			<key>productName</key>
			<string>ErizoClientTests</string>
			<key>productReference</key>
			<string>7863E32C1B7C167500A34C50</string>
			<key>productType</key>
			<string>com.apple.product-type.bundle.unit-test</string>
		</dict>
		<key>7863E32C1B7C167500A34C50</key>
		<dict>
			<key>explicitFileType</key>
			<string>wrapper.cfbundle</string>
			<key>includeInIndex</key>
			<string>0</string>
			<key>isa</key>
			<string>PBXFileReference</string>
			<key>path</key>
			<string>ErizoClientTests.xctest</string>
			<key>sourceTree</key>
			<string>BUILT_PRODUCTS_DIR</string>
		</dict>
		<key>7863E32D1B7C167500A34C50</key>
		<dict>
			<key>fileRef</key>
			<string>7863E3211B7C167500A34C50</string>
			<key>isa</key>
			<string>PBXBuildFile</string>
		</dict>
		<key>7863E32E1B7C167500A34C50</key>
		<dict>
			<key>containerPortal</key>
			<string>786C89501B7C10D800527918</string>
			<key>isa</key>
			<string>PBXContainerItemProxy</string>
			<key>proxyType</key>
			<string>1</string>
			<key>remoteGlobalIDString</key>
			<string>7863E3201B7C167400A34C50</string>
			<key>remoteInfo</key>
			<string>ErizoClient</string>
		</dict>
		<key>7863E32F1B7C167500A34C50</key>
		<dict>
			<key>isa</key>
			<string>PBXTargetDependency</string>
			<key>target</key>
			<string>7863E3201B7C167400A34C50</string>
			<key>targetProxy</key>
			<string>7863E32E1B7C167500A34C50</string>
		</dict>
		<key>7863E3301B7C167500A34C50</key>
		<dict>
			<key>children</key>
			<array>
				<string>7863E3311B7C167500A34C50</string>
			</array>
			<key>isa</key>
			<string>PBXGroup</string>
			<key>path</key>
			<string>ErizoClientTests</string>
			<key>sourceTree</key>
			<string>&lt;group&gt;</string>
		</dict>
		<key>7863E3311B7C167500A34C50</key>
		<dict>
			<key>children</key>
			<array>
				<string>7863E3321B7C167500A34C50</string>
			</array>
			<key>isa</key>
			<string>PBXGroup</string>
			<key>name</key>
			<string>Supporting Files</string>
			<key>sourceTree</key>
			<string>&lt;group&gt;</string>
		</dict>
		<key>7863E3321B7C167500A34C50</key>
		<dict>
			<key>isa</key>
			<string>PBXFileReference</string>
			<key>lastKnownFileType</key>
			<string>text.plist.xml</string>
			<key>path</key>
			<string>Info.plist</string>
			<key>sourceTree</key>
			<string>&lt;group&gt;</string>
		</dict>
		<key>7863E3331B7C167500A34C50</key>
		<dict>
			<key>baseConfigurationReference</key>
			<string>B916C67F7DBD8F27E3B4F7F5</string>
			<key>buildSettings</key>
			<dict>
				<key>ALWAYS_SEARCH_USER_PATHS</key>
				<string>YES</string>
				<key>ARCHS</key>
				<array>
					<string>$(ARCHS_STANDARD)</string>
					<string>armv7s</string>
				</array>
				<key>CLANG_CXX_LANGUAGE_STANDARD</key>
				<string>gnu++0x</string>
				<key>CLANG_CXX_LIBRARY</key>
				<string>libc++</string>
				<key>CLANG_ENABLE_MODULES</key>
				<string>YES</string>
				<key>CLANG_ENABLE_OBJC_ARC</key>
				<string>YES</string>
				<key>CLANG_WARN_BOOL_CONVERSION</key>
				<string>YES</string>
				<key>CLANG_WARN_CONSTANT_CONVERSION</key>
				<string>YES</string>
				<key>CLANG_WARN_DIRECT_OBJC_ISA_USAGE</key>
				<string>YES_ERROR</string>
				<key>CLANG_WARN_EMPTY_BODY</key>
				<string>YES</string>
				<key>CLANG_WARN_ENUM_CONVERSION</key>
				<string>YES</string>
				<key>CLANG_WARN_INT_CONVERSION</key>
				<string>YES</string>
				<key>CLANG_WARN_OBJC_ROOT_CLASS</key>
				<string>YES_ERROR</string>
				<key>CLANG_WARN_UNREACHABLE_CODE</key>
				<string>YES</string>
				<key>CLANG_WARN__DUPLICATE_METHOD_MATCH</key>
				<string>YES</string>
				<key>COPY_PHASE_STRIP</key>
				<string>NO</string>
				<key>DEBUG_INFORMATION_FORMAT</key>
				<string>dwarf-with-dsym</string>
				<key>ENABLE_STRICT_OBJC_MSGSEND</key>
				<string>YES</string>
				<key>GCC_C_LANGUAGE_STANDARD</key>
				<string>gnu99</string>
				<key>GCC_DYNAMIC_NO_PIC</key>
				<string>NO</string>
				<key>GCC_NO_COMMON_BLOCKS</key>
				<string>YES</string>
				<key>GCC_OPTIMIZATION_LEVEL</key>
				<string>0</string>
				<key>GCC_PREPROCESSOR_DEFINITIONS</key>
				<array>
					<string>DEBUG=1</string>
					<string>$(inherited)</string>
				</array>
				<key>GCC_SYMBOLS_PRIVATE_EXTERN</key>
				<string>NO</string>
				<key>GCC_WARN_64_TO_32_BIT_CONVERSION</key>
				<string>YES</string>
				<key>GCC_WARN_ABOUT_RETURN_TYPE</key>
				<string>YES_ERROR</string>
				<key>GCC_WARN_UNDECLARED_SELECTOR</key>
				<string>YES</string>
				<key>GCC_WARN_UNINITIALIZED_AUTOS</key>
				<string>YES_AGGRESSIVE</string>
				<key>GCC_WARN_UNUSED_FUNCTION</key>
				<string>YES</string>
				<key>GCC_WARN_UNUSED_VARIABLE</key>
				<string>YES</string>
				<key>HEADER_SEARCH_PATHS</key>
				<array>
					<string>$(inherited)</string>
					<string>"${PODS_ROOT}/Headers/Public"</string>
					<string>"${PODS_ROOT}/Headers/Public/libjingle_peerconnection"</string>
					<string>"${PODS_ROOT}/Headers/libjingle_peerconnection"</string>
				</array>
				<key>INSTALL_PATH</key>
				<string></string>
				<key>IPHONEOS_DEPLOYMENT_TARGET</key>
				<string>8.0</string>
				<key>LIBRARY_SEARCH_PATHS</key>
				<array>
					<string>$(inherited)</string>
					<string>$(SRCROOT)/Pods/../build/Debug-iphoneos</string>
				</array>
				<key>MTL_ENABLE_DEBUG_INFO</key>
				<string>YES</string>
				<key>ONLY_ACTIVE_ARCH</key>
				<string>NO</string>
				<key>OTHER_LDFLAGS</key>
				<string>-ObjC</string>
				<key>PRODUCT_NAME</key>
				<string>$(TARGET_NAME)</string>
				<key>SDKROOT</key>
				<string>iphoneos</string>
				<key>SKIP_INSTALL</key>
				<string>YES</string>
				<key>VALID_ARCHS</key>
				<string>armv7 armv7s i386 arm64</string>
			</dict>
			<key>isa</key>
			<string>XCBuildConfiguration</string>
			<key>name</key>
			<string>Debug</string>
		</dict>
		<key>7863E3341B7C167500A34C50</key>
		<dict>
			<key>baseConfigurationReference</key>
			<string>C46FE2A8E0D86F786A534622</string>
			<key>buildSettings</key>
			<dict>
				<key>ALWAYS_SEARCH_USER_PATHS</key>
				<string>YES</string>
				<key>ARCHS</key>
				<array>
					<string>$(ARCHS_STANDARD)</string>
					<string>armv7s</string>
				</array>
				<key>CLANG_CXX_LANGUAGE_STANDARD</key>
				<string>gnu++0x</string>
				<key>CLANG_CXX_LIBRARY</key>
				<string>libc++</string>
				<key>CLANG_ENABLE_MODULES</key>
				<string>YES</string>
				<key>CLANG_ENABLE_OBJC_ARC</key>
				<string>YES</string>
				<key>CLANG_WARN_BOOL_CONVERSION</key>
				<string>YES</string>
				<key>CLANG_WARN_CONSTANT_CONVERSION</key>
				<string>YES</string>
				<key>CLANG_WARN_DIRECT_OBJC_ISA_USAGE</key>
				<string>YES_ERROR</string>
				<key>CLANG_WARN_EMPTY_BODY</key>
				<string>YES</string>
				<key>CLANG_WARN_ENUM_CONVERSION</key>
				<string>YES</string>
				<key>CLANG_WARN_INT_CONVERSION</key>
				<string>YES</string>
				<key>CLANG_WARN_OBJC_ROOT_CLASS</key>
				<string>YES_ERROR</string>
				<key>CLANG_WARN_UNREACHABLE_CODE</key>
				<string>YES</string>
				<key>CLANG_WARN__DUPLICATE_METHOD_MATCH</key>
				<string>YES</string>
				<key>COPY_PHASE_STRIP</key>
				<string>NO</string>
				<key>DEBUG_INFORMATION_FORMAT</key>
				<string>dwarf-with-dsym</string>
				<key>ENABLE_NS_ASSERTIONS</key>
				<string>NO</string>
				<key>ENABLE_STRICT_OBJC_MSGSEND</key>
				<string>YES</string>
				<key>GCC_C_LANGUAGE_STANDARD</key>
				<string>gnu99</string>
				<key>GCC_NO_COMMON_BLOCKS</key>
				<string>YES</string>
				<key>GCC_WARN_64_TO_32_BIT_CONVERSION</key>
				<string>YES</string>
				<key>GCC_WARN_ABOUT_RETURN_TYPE</key>
				<string>YES_ERROR</string>
				<key>GCC_WARN_UNDECLARED_SELECTOR</key>
				<string>YES</string>
				<key>GCC_WARN_UNINITIALIZED_AUTOS</key>
				<string>YES_AGGRESSIVE</string>
				<key>GCC_WARN_UNUSED_FUNCTION</key>
				<string>YES</string>
				<key>GCC_WARN_UNUSED_VARIABLE</key>
				<string>YES</string>
				<key>HEADER_SEARCH_PATHS</key>
				<array>
					<string>"$(SOURCE_ROOT)/Vendor/Logger"/**</string>
					<string>$(inherited)</string>
					<string>"${PODS_ROOT}/Headers/Public"</string>
					<string>"${PODS_ROOT}/Headers/Public/libjingle_peerconnection"</string>
					<string>"${PODS_ROOT}/Headers/libjingle_peerconnection"</string>
				</array>
				<key>INSTALL_PATH</key>
				<string></string>
				<key>IPHONEOS_DEPLOYMENT_TARGET</key>
				<string>8.0</string>
				<key>LIBRARY_SEARCH_PATHS</key>
				<array>
					<string>$(inherited)</string>
					<string>$(SRCROOT)/Pods/../build/Release-iphoneos</string>
				</array>
				<key>MTL_ENABLE_DEBUG_INFO</key>
				<string>NO</string>
				<key>ONLY_ACTIVE_ARCH</key>
				<string>NO</string>
				<key>OTHER_LDFLAGS</key>
				<string>-ObjC</string>
				<key>PRODUCT_NAME</key>
				<string>$(TARGET_NAME)</string>
				<key>SDKROOT</key>
				<string>iphoneos</string>
				<key>SKIP_INSTALL</key>
				<string>YES</string>
				<key>USER_HEADER_SEARCH_PATHS[arch=*]</key>
				<string>Yes</string>
				<key>VALIDATE_PRODUCT</key>
				<string>YES</string>
				<key>VALID_ARCHS</key>
				<string>armv7 armv7s i386 arm64</string>
			</dict>
			<key>isa</key>
			<string>XCBuildConfiguration</string>
			<key>name</key>
			<string>Release</string>
		</dict>
		<key>7863E3351B7C167500A34C50</key>
		<dict>
			<key>buildSettings</key>
			<dict>
				<key>ALWAYS_SEARCH_USER_PATHS</key>
				<string>NO</string>
				<key>CLANG_CXX_LANGUAGE_STANDARD</key>
				<string>gnu++0x</string>
				<key>CLANG_CXX_LIBRARY</key>
				<string>libc++</string>
				<key>CLANG_ENABLE_MODULES</key>
				<string>YES</string>
				<key>CLANG_ENABLE_OBJC_ARC</key>
				<string>YES</string>
				<key>CLANG_WARN_BOOL_CONVERSION</key>
				<string>YES</string>
				<key>CLANG_WARN_CONSTANT_CONVERSION</key>
				<string>YES</string>
				<key>CLANG_WARN_DIRECT_OBJC_ISA_USAGE</key>
				<string>YES_ERROR</string>
				<key>CLANG_WARN_EMPTY_BODY</key>
				<string>YES</string>
				<key>CLANG_WARN_ENUM_CONVERSION</key>
				<string>YES</string>
				<key>CLANG_WARN_INT_CONVERSION</key>
				<string>YES</string>
				<key>CLANG_WARN_OBJC_ROOT_CLASS</key>
				<string>YES_ERROR</string>
				<key>CLANG_WARN_UNREACHABLE_CODE</key>
				<string>YES</string>
				<key>CLANG_WARN__DUPLICATE_METHOD_MATCH</key>
				<string>YES</string>
				<key>CODE_SIGN_IDENTITY[sdk=iphoneos*]</key>
				<string>iPhone Developer</string>
				<key>COPY_PHASE_STRIP</key>
				<string>NO</string>
				<key>DEBUG_INFORMATION_FORMAT</key>
				<string>dwarf-with-dsym</string>
				<key>ENABLE_STRICT_OBJC_MSGSEND</key>
				<string>YES</string>
				<key>FRAMEWORK_SEARCH_PATHS</key>
				<array>
					<string>$(SDKROOT)/Developer/Library/Frameworks</string>
					<string>$(inherited)</string>
				</array>
				<key>GCC_C_LANGUAGE_STANDARD</key>
				<string>gnu99</string>
				<key>GCC_DYNAMIC_NO_PIC</key>
				<string>NO</string>
				<key>GCC_NO_COMMON_BLOCKS</key>
				<string>YES</string>
				<key>GCC_OPTIMIZATION_LEVEL</key>
				<string>0</string>
				<key>GCC_PREPROCESSOR_DEFINITIONS</key>
				<array>
					<string>DEBUG=1</string>
					<string>$(inherited)</string>
				</array>
				<key>GCC_SYMBOLS_PRIVATE_EXTERN</key>
				<string>NO</string>
				<key>GCC_WARN_64_TO_32_BIT_CONVERSION</key>
				<string>YES</string>
				<key>GCC_WARN_ABOUT_RETURN_TYPE</key>
				<string>YES_ERROR</string>
				<key>GCC_WARN_UNDECLARED_SELECTOR</key>
				<string>YES</string>
				<key>GCC_WARN_UNINITIALIZED_AUTOS</key>
				<string>YES_AGGRESSIVE</string>
				<key>GCC_WARN_UNUSED_FUNCTION</key>
				<string>YES</string>
				<key>GCC_WARN_UNUSED_VARIABLE</key>
				<string>YES</string>
				<key>INFOPLIST_FILE</key>
				<string>ErizoClientTests/Info.plist</string>
				<key>IPHONEOS_DEPLOYMENT_TARGET</key>
				<string>7.0</string>
				<key>LD_RUNPATH_SEARCH_PATHS</key>
				<string>$(inherited) @executable_path/Frameworks @loader_path/Frameworks</string>
				<key>MTL_ENABLE_DEBUG_INFO</key>
				<string>YES</string>
				<key>ONLY_ACTIVE_ARCH</key>
				<string>YES</string>
				<key>PRODUCT_NAME</key>
				<string>$(TARGET_NAME)</string>
				<key>SDKROOT</key>
				<string>iphoneos</string>
			</dict>
			<key>isa</key>
			<string>XCBuildConfiguration</string>
			<key>name</key>
			<string>Debug</string>
		</dict>
		<key>7863E3361B7C167500A34C50</key>
		<dict>
			<key>buildSettings</key>
			<dict>
				<key>ALWAYS_SEARCH_USER_PATHS</key>
				<string>NO</string>
				<key>CLANG_CXX_LANGUAGE_STANDARD</key>
				<string>gnu++0x</string>
				<key>CLANG_CXX_LIBRARY</key>
				<string>libc++</string>
				<key>CLANG_ENABLE_MODULES</key>
				<string>YES</string>
				<key>CLANG_ENABLE_OBJC_ARC</key>
				<string>YES</string>
				<key>CLANG_WARN_BOOL_CONVERSION</key>
				<string>YES</string>
				<key>CLANG_WARN_CONSTANT_CONVERSION</key>
				<string>YES</string>
				<key>CLANG_WARN_DIRECT_OBJC_ISA_USAGE</key>
				<string>YES_ERROR</string>
				<key>CLANG_WARN_EMPTY_BODY</key>
				<string>YES</string>
				<key>CLANG_WARN_ENUM_CONVERSION</key>
				<string>YES</string>
				<key>CLANG_WARN_INT_CONVERSION</key>
				<string>YES</string>
				<key>CLANG_WARN_OBJC_ROOT_CLASS</key>
				<string>YES_ERROR</string>
				<key>CLANG_WARN_UNREACHABLE_CODE</key>
				<string>YES</string>
				<key>CLANG_WARN__DUPLICATE_METHOD_MATCH</key>
				<string>YES</string>
				<key>CODE_SIGN_IDENTITY[sdk=iphoneos*]</key>
				<string>iPhone Developer</string>
				<key>COPY_PHASE_STRIP</key>
				<string>NO</string>
				<key>DEBUG_INFORMATION_FORMAT</key>
				<string>dwarf-with-dsym</string>
				<key>ENABLE_NS_ASSERTIONS</key>
				<string>NO</string>
				<key>ENABLE_STRICT_OBJC_MSGSEND</key>
				<string>YES</string>
				<key>FRAMEWORK_SEARCH_PATHS</key>
				<array>
					<string>$(SDKROOT)/Developer/Library/Frameworks</string>
					<string>$(inherited)</string>
				</array>
				<key>GCC_C_LANGUAGE_STANDARD</key>
				<string>gnu99</string>
				<key>GCC_NO_COMMON_BLOCKS</key>
				<string>YES</string>
				<key>GCC_WARN_64_TO_32_BIT_CONVERSION</key>
				<string>YES</string>
				<key>GCC_WARN_ABOUT_RETURN_TYPE</key>
				<string>YES_ERROR</string>
				<key>GCC_WARN_UNDECLARED_SELECTOR</key>
				<string>YES</string>
				<key>GCC_WARN_UNINITIALIZED_AUTOS</key>
				<string>YES_AGGRESSIVE</string>
				<key>GCC_WARN_UNUSED_FUNCTION</key>
				<string>YES</string>
				<key>GCC_WARN_UNUSED_VARIABLE</key>
				<string>YES</string>
				<key>INFOPLIST_FILE</key>
				<string>ErizoClientTests/Info.plist</string>
				<key>IPHONEOS_DEPLOYMENT_TARGET</key>
				<string>7.0</string>
				<key>LD_RUNPATH_SEARCH_PATHS</key>
				<string>$(inherited) @executable_path/Frameworks @loader_path/Frameworks</string>
				<key>MTL_ENABLE_DEBUG_INFO</key>
				<string>NO</string>
				<key>PRODUCT_NAME</key>
				<string>$(TARGET_NAME)</string>
				<key>SDKROOT</key>
				<string>iphoneos</string>
				<key>VALIDATE_PRODUCT</key>
				<string>YES</string>
			</dict>
			<key>isa</key>
			<string>XCBuildConfiguration</string>
			<key>name</key>
			<string>Release</string>
		</dict>
		<key>7863E3371B7C167500A34C50</key>
		<dict>
			<key>buildConfigurations</key>
			<array>
				<string>7863E3331B7C167500A34C50</string>
				<string>7863E3341B7C167500A34C50</string>
			</array>
			<key>defaultConfigurationIsVisible</key>
			<string>0</string>
			<key>defaultConfigurationName</key>
			<string>Release</string>
			<key>isa</key>
			<string>XCConfigurationList</string>
		</dict>
		<key>7863E3381B7C167500A34C50</key>
		<dict>
			<key>buildConfigurations</key>
			<array>
				<string>7863E3351B7C167500A34C50</string>
				<string>7863E3361B7C167500A34C50</string>
			</array>
			<key>defaultConfigurationIsVisible</key>
			<string>0</string>
			<key>defaultConfigurationName</key>
			<string>Release</string>
			<key>isa</key>
			<string>XCConfigurationList</string>
		</dict>
		<key>786C894F1B7C10D800527918</key>
		<dict>
			<key>children</key>
			<array>
				<string>78A617441B7D246900982875</string>
				<string>78E539CF1B99E4F4004B63EF</string>
				<string>7814A0F51B83F6E600C18A9E</string>
				<string>787BB20E1B7EB1BE00237A36</string>
				<string>7863E3231B7C167500A34C50</string>
				<string>7863E3301B7C167500A34C50</string>
				<string>7863E3221B7C167500A34C50</string>
				<string>C43177F10C612B2E5612461B</string>
				<string>9F117EC74D99BD551F0814ED</string>
			</array>
			<key>isa</key>
			<string>PBXGroup</string>
			<key>sourceTree</key>
			<string>&lt;group&gt;</string>
		</dict>
		<key>786C89501B7C10D800527918</key>
		<dict>
			<key>attributes</key>
			<dict>
				<key>LastUpgradeCheck</key>
				<string>0640</string>
				<key>TargetAttributes</key>
				<dict>
					<key>7863E3201B7C167400A34C50</key>
					<dict>
						<key>CreatedOnToolsVersion</key>
						<string>6.4</string>
					</dict>
					<key>7863E32B1B7C167500A34C50</key>
					<dict>
						<key>CreatedOnToolsVersion</key>
						<string>6.4</string>
					</dict>
					<key>78A6173E1B7D228400982875</key>
					<dict>
						<key>CreatedOnToolsVersion</key>
						<string>6.4</string>
					</dict>
				</dict>
			</dict>
			<key>buildConfigurationList</key>
			<string>786C89531B7C10D800527918</string>
			<key>compatibilityVersion</key>
			<string>Xcode 3.2</string>
			<key>developmentRegion</key>
			<string>English</string>
			<key>hasScannedForEncodings</key>
			<string>0</string>
			<key>isa</key>
			<string>PBXProject</string>
			<key>knownRegions</key>
			<array>
				<string>en</string>
			</array>
			<key>mainGroup</key>
			<string>786C894F1B7C10D800527918</string>
			<key>productRefGroup</key>
			<string>7863E3221B7C167500A34C50</string>
			<key>projectDirPath</key>
			<string></string>
			<key>projectReferences</key>
			<array/>
			<key>projectRoot</key>
			<string></string>
			<key>targets</key>
			<array>
				<string>7863E3201B7C167400A34C50</string>
				<string>7863E32B1B7C167500A34C50</string>
				<string>78A6173E1B7D228400982875</string>
			</array>
		</dict>
		<key>786C89531B7C10D800527918</key>
		<dict>
			<key>buildConfigurations</key>
			<array>
				<string>786C89541B7C10D800527918</string>
				<string>786C89551B7C10D800527918</string>
			</array>
			<key>defaultConfigurationIsVisible</key>
			<string>0</string>
			<key>defaultConfigurationName</key>
			<string>Release</string>
			<key>isa</key>
			<string>XCConfigurationList</string>
		</dict>
		<key>786C89541B7C10D800527918</key>
		<dict>
			<key>buildSettings</key>
			<dict>
				<key>ARCHS</key>
				<string>$(ARCHS_STANDARD)</string>
				<key>FRAMEWORK_SEARCH_PATHS</key>
				<string>$(inherited)</string>
				<key>IPHONEOS_DEPLOYMENT_TARGET</key>
				<string>8.0</string>
				<key>LIBRARY_SEARCH_PATHS</key>
				<string>$(inherited)</string>
				<key>ONLY_ACTIVE_ARCH</key>
				<string>NO</string>
				<key>SCAN_ALL_SOURCE_FILES_FOR_INCLUDES</key>
				<string>YES</string>
				<key>SDKROOT</key>
				<string>iphoneos</string>
				<key>VALID_ARCHS</key>
				<string>armv7 armv7s i386 arm64</string>
			</dict>
			<key>isa</key>
			<string>XCBuildConfiguration</string>
			<key>name</key>
			<string>Debug</string>
		</dict>
		<key>786C89551B7C10D800527918</key>
		<dict>
			<key>baseConfigurationReference</key>
			<string>C46FE2A8E0D86F786A534622</string>
			<key>buildSettings</key>
			<dict>
				<key>ARCHS</key>
				<string>$(ARCHS_STANDARD)</string>
				<key>FRAMEWORK_SEARCH_PATHS</key>
				<string>$(inherited)</string>
				<key>GCC_PREPROCESSOR_DEFINITIONS</key>
				<string></string>
				<key>HEADER_SEARCH_PATHS</key>
				<string></string>
				<key>IPHONEOS_DEPLOYMENT_TARGET</key>
				<string>8.0</string>
				<key>LIBRARY_SEARCH_PATHS</key>
				<string></string>
				<key>ONLY_ACTIVE_ARCH</key>
				<string>NO</string>
				<key>SCAN_ALL_SOURCE_FILES_FOR_INCLUDES</key>
				<string>YES</string>
				<key>SDKROOT</key>
				<string>iphoneos</string>
				<key>VALID_ARCHS</key>
				<string>armv7 armv7s i386 arm64</string>
			</dict>
			<key>isa</key>
			<string>XCBuildConfiguration</string>
			<key>name</key>
			<string>Release</string>
		</dict>
		<key>7875E15C1B7ED6CE00BEE085</key>
		<dict>
			<key>fileEncoding</key>
			<string>4</string>
			<key>isa</key>
			<string>PBXFileReference</string>
			<key>lastKnownFileType</key>
			<string>sourcecode.c.objc</string>
			<key>path</key>
			<string>ErizoClient.m</string>
			<key>sourceTree</key>
			<string>&lt;group&gt;</string>
		</dict>
		<key>7875E15D1B7ED6CE00BEE085</key>
		<dict>
			<key>fileEncoding</key>
			<string>4</string>
			<key>isa</key>
			<string>PBXFileReference</string>
			<key>lastKnownFileType</key>
			<string>sourcecode.c.h</string>
			<key>path</key>
			<string>ErizoClient.h</string>
			<key>sourceTree</key>
			<string>&lt;group&gt;</string>
		</dict>
		<key>7875E15E1B7ED6CE00BEE085</key>
		<dict>
			<key>fileRef</key>
			<string>7875E15C1B7ED6CE00BEE085</string>
			<key>isa</key>
			<string>PBXBuildFile</string>
		</dict>
		<key>7875E1601B7EE4F900BEE085</key>
		<dict>
			<key>buildActionMask</key>
			<string>2147483647</string>
			<key>files</key>
			<array/>
			<key>inputPaths</key>
			<array/>
			<key>isa</key>
			<string>PBXShellScriptBuildPhase</string>
			<key>outputPaths</key>
			<array/>
			<key>runOnlyForDeploymentPostprocessing</key>
			<string>0</string>
			<key>shellPath</key>
			<string>/bin/sh</string>
			<key>shellScript</key>
			<string>#appledoc Xcode script
# Start constants
company="Alvaro Gil (@zevarito)";
companyID="@zevarito";
companyURL="https://github.com/zevarito";
target="iphoneos";
#target="macosx";
outputPath="~/help";
# End constants
/usr/local/bin/appledoc \
--project-name "${PROJECT_NAME} Public API" \
--project-company "${company}" \
--company-id "${companyID}" \
--output "${PROJECT_DIR}/docs/public" \
--docset-platform-family "${target}" \
--logformat xcode \
--keep-intermediate-files \
--no-repeat-first-par \
--no-warn-invalid-crossref \
--exit-threshold 2 \
--ignore "${PROJECT_DIR}/ErizoClient/rtc" \
"${PROJECT_DIR}/ErizoClient"</string>
		</dict>
		<key>787BB20E1B7EB1BE00237A36</key>
		<dict>
			<key>children</key>
			<array>
				<string>787BB2131B7EB1E100237A36</string>
				<string>787BB21F1B7EB1E100237A36</string>
				<string>787BB20F1B7EB1CF00237A36</string>
			</array>
			<key>isa</key>
			<string>PBXGroup</string>
			<key>name</key>
			<string>Vendor</string>
			<key>sourceTree</key>
			<string>&lt;group&gt;</string>
		</dict>
		<key>787BB20F1B7EB1CF00237A36</key>
		<dict>
			<key>children</key>
			<array>
				<string>787BB2101B7EB1CF00237A36</string>
				<string>787BB2111B7EB1CF00237A36</string>
			</array>
			<key>isa</key>
			<string>PBXGroup</string>
			<key>name</key>
			<string>Logger</string>
			<key>path</key>
			<string>Vendor/Logger</string>
			<key>sourceTree</key>
			<string>&lt;group&gt;</string>
		</dict>
		<key>787BB2101B7EB1CF00237A36</key>
		<dict>
			<key>fileEncoding</key>
			<string>4</string>
			<key>isa</key>
			<string>PBXFileReference</string>
			<key>lastKnownFileType</key>
			<string>sourcecode.c.h</string>
			<key>path</key>
			<string>Logger.h</string>
			<key>sourceTree</key>
			<string>&lt;group&gt;</string>
		</dict>
		<key>787BB2111B7EB1CF00237A36</key>
		<dict>
			<key>fileEncoding</key>
			<string>4</string>
			<key>isa</key>
			<string>PBXFileReference</string>
			<key>lastKnownFileType</key>
			<string>sourcecode.c.objc</string>
			<key>path</key>
			<string>Logger.m</string>
			<key>sourceTree</key>
			<string>&lt;group&gt;</string>
		</dict>
		<key>787BB2131B7EB1E100237A36</key>
		<dict>
			<key>children</key>
			<array>
				<string>787BB2141B7EB1E100237A36</string>
				<string>787BB2151B7EB1E100237A36</string>
				<string>787BB2161B7EB1E100237A36</string>
				<string>787BB2171B7EB1E100237A36</string>
				<string>787BB2181B7EB1E100237A36</string>
				<string>787BB2191B7EB1E100237A36</string>
				<string>787BB21A1B7EB1E100237A36</string>
				<string>787BB21B1B7EB1E100237A36</string>
				<string>787BB21C1B7EB1E100237A36</string>
				<string>787BB21D1B7EB1E100237A36</string>
				<string>787BB21E1B7EB1E100237A36</string>
			</array>
			<key>isa</key>
			<string>PBXGroup</string>
			<key>name</key>
			<string>SocketIO</string>
			<key>path</key>
			<string>Vendor/SocketIO</string>
			<key>sourceTree</key>
			<string>&lt;group&gt;</string>
		</dict>
		<key>787BB2141B7EB1E100237A36</key>
		<dict>
			<key>fileEncoding</key>
			<string>4</string>
			<key>isa</key>
			<string>PBXFileReference</string>
			<key>lastKnownFileType</key>
			<string>sourcecode.c.h</string>
			<key>path</key>
			<string>SocketIO.h</string>
			<key>sourceTree</key>
			<string>&lt;group&gt;</string>
		</dict>
		<key>787BB2151B7EB1E100237A36</key>
		<dict>
			<key>fileEncoding</key>
			<string>4</string>
			<key>isa</key>
			<string>PBXFileReference</string>
			<key>lastKnownFileType</key>
			<string>sourcecode.c.objc</string>
			<key>path</key>
			<string>SocketIO.m</string>
			<key>sourceTree</key>
			<string>&lt;group&gt;</string>
		</dict>
		<key>787BB2161B7EB1E100237A36</key>
		<dict>
			<key>fileEncoding</key>
			<string>4</string>
			<key>isa</key>
			<string>PBXFileReference</string>
			<key>lastKnownFileType</key>
			<string>sourcecode.c.h</string>
			<key>path</key>
			<string>SocketIOJSONSerialization.h</string>
			<key>sourceTree</key>
			<string>&lt;group&gt;</string>
		</dict>
		<key>787BB2171B7EB1E100237A36</key>
		<dict>
			<key>fileEncoding</key>
			<string>4</string>
			<key>isa</key>
			<string>PBXFileReference</string>
			<key>lastKnownFileType</key>
			<string>sourcecode.c.objc</string>
			<key>path</key>
			<string>SocketIOJSONSerialization.m</string>
			<key>sourceTree</key>
			<string>&lt;group&gt;</string>
		</dict>
		<key>787BB2181B7EB1E100237A36</key>
		<dict>
			<key>fileEncoding</key>
			<string>4</string>
			<key>isa</key>
			<string>PBXFileReference</string>
			<key>lastKnownFileType</key>
			<string>sourcecode.c.h</string>
			<key>path</key>
			<string>SocketIOPacket.h</string>
			<key>sourceTree</key>
			<string>&lt;group&gt;</string>
		</dict>
		<key>787BB2191B7EB1E100237A36</key>
		<dict>
			<key>fileEncoding</key>
			<string>4</string>
			<key>isa</key>
			<string>PBXFileReference</string>
			<key>lastKnownFileType</key>
			<string>sourcecode.c.objc</string>
			<key>path</key>
			<string>SocketIOPacket.m</string>
			<key>sourceTree</key>
			<string>&lt;group&gt;</string>
		</dict>
		<key>787BB21A1B7EB1E100237A36</key>
		<dict>
			<key>fileEncoding</key>
			<string>4</string>
			<key>isa</key>
			<string>PBXFileReference</string>
			<key>lastKnownFileType</key>
			<string>sourcecode.c.h</string>
			<key>path</key>
			<string>SocketIOTransport.h</string>
			<key>sourceTree</key>
			<string>&lt;group&gt;</string>
		</dict>
		<key>787BB21B1B7EB1E100237A36</key>
		<dict>
			<key>fileEncoding</key>
			<string>4</string>
			<key>isa</key>
			<string>PBXFileReference</string>
			<key>lastKnownFileType</key>
			<string>sourcecode.c.h</string>
			<key>path</key>
			<string>SocketIOTransportWebsocket.h</string>
			<key>sourceTree</key>
			<string>&lt;group&gt;</string>
		</dict>
		<key>787BB21C1B7EB1E100237A36</key>
		<dict>
			<key>fileEncoding</key>
			<string>4</string>
			<key>isa</key>
			<string>PBXFileReference</string>
			<key>lastKnownFileType</key>
			<string>sourcecode.c.objc</string>
			<key>path</key>
			<string>SocketIOTransportWebsocket.m</string>
			<key>sourceTree</key>
			<string>&lt;group&gt;</string>
		</dict>
		<key>787BB21D1B7EB1E100237A36</key>
		<dict>
			<key>fileEncoding</key>
			<string>4</string>
			<key>isa</key>
			<string>PBXFileReference</string>
			<key>lastKnownFileType</key>
			<string>sourcecode.c.h</string>
			<key>path</key>
			<string>SocketIOTransportXHR.h</string>
			<key>sourceTree</key>
			<string>&lt;group&gt;</string>
		</dict>
		<key>787BB21E1B7EB1E100237A36</key>
		<dict>
			<key>fileEncoding</key>
			<string>4</string>
			<key>isa</key>
			<string>PBXFileReference</string>
			<key>lastKnownFileType</key>
			<string>sourcecode.c.objc</string>
			<key>path</key>
			<string>SocketIOTransportXHR.m</string>
			<key>sourceTree</key>
			<string>&lt;group&gt;</string>
		</dict>
		<key>787BB21F1B7EB1E100237A36</key>
		<dict>
			<key>children</key>
			<array>
				<string>787BB2201B7EB1E100237A36</string>
				<string>787BB2211B7EB1E100237A36</string>
				<string>787BB2221B7EB1E100237A36</string>
			</array>
			<key>isa</key>
			<string>PBXGroup</string>
			<key>name</key>
			<string>SocketRocket</string>
			<key>path</key>
			<string>Vendor/SocketRocket</string>
			<key>sourceTree</key>
			<string>&lt;group&gt;</string>
		</dict>
		<key>787BB2201B7EB1E100237A36</key>
		<dict>
			<key>fileEncoding</key>
			<string>4</string>
			<key>isa</key>
			<string>PBXFileReference</string>
			<key>lastKnownFileType</key>
			<string>sourcecode.c.h</string>
			<key>path</key>
			<string>SocketRocket-Prefix.pch</string>
			<key>sourceTree</key>
			<string>&lt;group&gt;</string>
		</dict>
		<key>787BB2211B7EB1E100237A36</key>
		<dict>
			<key>fileEncoding</key>
			<string>4</string>
			<key>isa</key>
			<string>PBXFileReference</string>
			<key>lastKnownFileType</key>
			<string>sourcecode.c.h</string>
			<key>path</key>
			<string>SRWebSocket.h</string>
			<key>sourceTree</key>
			<string>&lt;group&gt;</string>
		</dict>
		<key>787BB2221B7EB1E100237A36</key>
		<dict>
			<key>fileEncoding</key>
			<string>4</string>
			<key>isa</key>
			<string>PBXFileReference</string>
			<key>lastKnownFileType</key>
			<string>sourcecode.c.objc</string>
			<key>path</key>
			<string>SRWebSocket.m</string>
			<key>sourceTree</key>
			<string>&lt;group&gt;</string>
		</dict>
		<key>787BB2231B7EB1E100237A36</key>
		<dict>
			<key>fileRef</key>
			<string>787BB2151B7EB1E100237A36</string>
			<key>isa</key>
			<string>PBXBuildFile</string>
		</dict>
		<key>787BB2241B7EB1E100237A36</key>
		<dict>
			<key>fileRef</key>
			<string>787BB2171B7EB1E100237A36</string>
			<key>isa</key>
			<string>PBXBuildFile</string>
		</dict>
		<key>787BB2251B7EB1E100237A36</key>
		<dict>
			<key>fileRef</key>
			<string>787BB2191B7EB1E100237A36</string>
			<key>isa</key>
			<string>PBXBuildFile</string>
		</dict>
		<key>787BB2261B7EB1E100237A36</key>
		<dict>
			<key>fileRef</key>
			<string>787BB21C1B7EB1E100237A36</string>
			<key>isa</key>
			<string>PBXBuildFile</string>
		</dict>
		<key>787BB2271B7EB1E100237A36</key>
		<dict>
			<key>fileRef</key>
			<string>787BB21E1B7EB1E100237A36</string>
			<key>isa</key>
			<string>PBXBuildFile</string>
		</dict>
		<key>787BB2281B7EB1E100237A36</key>
		<dict>
			<key>fileRef</key>
			<string>787BB2221B7EB1E100237A36</string>
			<key>isa</key>
			<string>PBXBuildFile</string>
		</dict>
		<key>788223D11B7E98BF00A7C1B8</key>
		<dict>
			<key>fileEncoding</key>
			<string>4</string>
			<key>isa</key>
			<string>PBXFileReference</string>
			<key>lastKnownFileType</key>
			<string>sourcecode.c.h</string>
			<key>path</key>
			<string>Utilities.h</string>
			<key>sourceTree</key>
			<string>&lt;group&gt;</string>
		</dict>
		<key>788223D21B7E98BF00A7C1B8</key>
		<dict>
			<key>fileEncoding</key>
			<string>4</string>
			<key>isa</key>
			<string>PBXFileReference</string>
			<key>lastKnownFileType</key>
			<string>sourcecode.c.objc</string>
			<key>path</key>
			<string>Utilities.m</string>
			<key>sourceTree</key>
			<string>&lt;group&gt;</string>
		</dict>
		<key>788223D31B7E98BF00A7C1B8</key>
		<dict>
			<key>fileRef</key>
			<string>788223D21B7E98BF00A7C1B8</string>
			<key>isa</key>
			<string>PBXBuildFile</string>
		</dict>
		<key>78A6173E1B7D228400982875</key>
		<dict>
			<key>buildConfigurationList</key>
			<string>78A617411B7D228400982875</string>
			<key>buildPhases</key>
			<array>
				<string>78A617421B7D228E00982875</string>
				<string>7875E1601B7EE4F900BEE085</string>
			</array>
			<key>dependencies</key>
			<array/>
			<key>isa</key>
			<string>PBXAggregateTarget</string>
			<key>name</key>
			<string>ErizoClientIOS Documentation</string>
			<key>productName</key>
			<string>ErizoClientIOS Documentation</string>
		</dict>
		<key>78A6173F1B7D228400982875</key>
		<dict>
			<key>buildSettings</key>
			<dict>
				<key>PRODUCT_NAME</key>
				<string>$(TARGET_NAME)</string>
			</dict>
			<key>isa</key>
			<string>XCBuildConfiguration</string>
			<key>name</key>
			<string>Debug</string>
		</dict>
		<key>78A617401B7D228400982875</key>
		<dict>
			<key>buildSettings</key>
			<dict>
				<key>PRODUCT_NAME</key>
				<string>$(TARGET_NAME)</string>
			</dict>
			<key>isa</key>
			<string>XCBuildConfiguration</string>
			<key>name</key>
			<string>Release</string>
		</dict>
		<key>78A617411B7D228400982875</key>
		<dict>
			<key>buildConfigurations</key>
			<array>
				<string>78A6173F1B7D228400982875</string>
				<string>78A617401B7D228400982875</string>
			</array>
			<key>defaultConfigurationIsVisible</key>
			<string>0</string>
			<key>defaultConfigurationName</key>
			<string>Release</string>
			<key>isa</key>
			<string>XCConfigurationList</string>
		</dict>
		<key>78A617421B7D228E00982875</key>
		<dict>
			<key>buildActionMask</key>
			<string>2147483647</string>
			<key>files</key>
			<array/>
			<key>inputPaths</key>
			<array/>
			<key>isa</key>
			<string>PBXShellScriptBuildPhase</string>
			<key>outputPaths</key>
			<array/>
			<key>runOnlyForDeploymentPostprocessing</key>
			<string>0</string>
			<key>shellPath</key>
			<string>/bin/sh</string>
			<key>shellScript</key>
			<string>#appledoc Xcode script
# Start constants
company="Alvaro Gil (@zevarito)";
companyID="@zevarito";
companyURL="https://github.com/zevarito";
target="iphoneos";
#target="macosx";
outputPath="~/help";
# End constants
/usr/local/bin/appledoc \
--project-name "${PROJECT_NAME} Developers Documentation" \
--project-company "${company}" \
--company-id "${companyID}" \
--output "${PROJECT_DIR}/docs/dev" \
--docset-platform-family "${target}" \
--logformat xcode \
--keep-intermediate-files \
--no-repeat-first-par \
--no-warn-invalid-crossref \
--exit-threshold 2 \
--keep-undocumented-objects \
--keep-undocumented-members \
--search-undocumented-doc \
"${PROJECT_DIR}/ErizoClient"
</string>
		</dict>
		<key>78A617441B7D246900982875</key>
		<dict>
			<key>fileEncoding</key>
			<string>4</string>
			<key>isa</key>
			<string>PBXFileReference</string>
			<key>lastKnownFileType</key>
			<string>text</string>
			<key>name</key>
			<string>LICENSE</string>
			<key>path</key>
			<string>ErizoClient/LICENSE</string>
			<key>sourceTree</key>
			<string>&lt;group&gt;</string>
		</dict>
		<key>78D593501B7C17FF00EDF432</key>
		<dict>
			<key>children</key>
			<array>
				<string>78D593521B7C17FF00EDF432</string>
				<string>78D593531B7C17FF00EDF432</string>
				<string>78D593511B7C17FF00EDF432</string>
				<string>78D593571B7C17FF00EDF432</string>
				<string>78D593581B7C17FF00EDF432</string>
				<string>78D593591B7C17FF00EDF432</string>
				<string>78D5935A1B7C17FF00EDF432</string>
				<string>78D5935E1B7C17FF00EDF432</string>
				<string>78D5935F1B7C17FF00EDF432</string>
				<string>78D593601B7C17FF00EDF432</string>
				<string>78D593611B7C17FF00EDF432</string>
				<string>78D593621B7C17FF00EDF432</string>
				<string>78D593631B7C17FF00EDF432</string>
				<string>78D593641B7C17FF00EDF432</string>
				<string>78D593651B7C17FF00EDF432</string>
				<string>788223D11B7E98BF00A7C1B8</string>
				<string>788223D21B7E98BF00A7C1B8</string>
			</array>
			<key>isa</key>
			<string>PBXGroup</string>
			<key>name</key>
			<string>RTC</string>
			<key>path</key>
			<string>rtc</string>
			<key>sourceTree</key>
			<string>&lt;group&gt;</string>
		</dict>
		<key>78D593511B7C17FF00EDF432</key>
		<dict>
			<key>fileEncoding</key>
			<string>4</string>
			<key>isa</key>
			<string>PBXFileReference</string>
			<key>lastKnownFileType</key>
			<string>sourcecode.c.h</string>
			<key>path</key>
			<string>ECClient+Internal.h</string>
			<key>sourceTree</key>
			<string>&lt;group&gt;</string>
		</dict>
		<key>78D593521B7C17FF00EDF432</key>
		<dict>
			<key>fileEncoding</key>
			<string>4</string>
			<key>isa</key>
			<string>PBXFileReference</string>
			<key>lastKnownFileType</key>
			<string>sourcecode.c.h</string>
			<key>path</key>
			<string>ECClient.h</string>
			<key>sourceTree</key>
			<string>&lt;group&gt;</string>
		</dict>
		<key>78D593531B7C17FF00EDF432</key>
		<dict>
			<key>fileEncoding</key>
			<string>4</string>
			<key>isa</key>
			<string>PBXFileReference</string>
			<key>lastKnownFileType</key>
			<string>sourcecode.c.objc</string>
			<key>path</key>
			<string>ECClient.m</string>
			<key>sourceTree</key>
			<string>&lt;group&gt;</string>
		</dict>
		<key>78D593571B7C17FF00EDF432</key>
		<dict>
			<key>fileEncoding</key>
			<string>4</string>
			<key>isa</key>
			<string>PBXFileReference</string>
			<key>lastKnownFileType</key>
			<string>sourcecode.c.h</string>
			<key>path</key>
			<string>ECSignalingChannel.h</string>
			<key>sourceTree</key>
			<string>&lt;group&gt;</string>
		</dict>
		<key>78D593581B7C17FF00EDF432</key>
		<dict>
			<key>fileEncoding</key>
			<string>4</string>
			<key>isa</key>
			<string>PBXFileReference</string>
			<key>lastKnownFileType</key>
			<string>sourcecode.c.objc</string>
			<key>path</key>
			<string>ECSignalingChannel.m</string>
			<key>sourceTree</key>
			<string>&lt;group&gt;</string>
		</dict>
		<key>78D593591B7C17FF00EDF432</key>
		<dict>
			<key>fileEncoding</key>
			<string>4</string>
			<key>isa</key>
			<string>PBXFileReference</string>
			<key>lastKnownFileType</key>
			<string>sourcecode.c.h</string>
			<key>path</key>
			<string>ECSignalingMessage.h</string>
			<key>sourceTree</key>
			<string>&lt;group&gt;</string>
		</dict>
		<key>78D5935A1B7C17FF00EDF432</key>
		<dict>
			<key>fileEncoding</key>
			<string>4</string>
			<key>isa</key>
			<string>PBXFileReference</string>
			<key>lastKnownFileType</key>
			<string>sourcecode.c.objc</string>
			<key>path</key>
			<string>ECSignalingMessage.m</string>
			<key>sourceTree</key>
			<string>&lt;group&gt;</string>
		</dict>
		<key>78D5935E1B7C17FF00EDF432</key>
		<dict>
			<key>fileEncoding</key>
			<string>4</string>
			<key>isa</key>
			<string>PBXFileReference</string>
			<key>lastKnownFileType</key>
			<string>sourcecode.c.h</string>
			<key>path</key>
			<string>RTCICECandidate+JSON.h</string>
			<key>sourceTree</key>
			<string>&lt;group&gt;</string>
		</dict>
		<key>78D5935F1B7C17FF00EDF432</key>
		<dict>
			<key>fileEncoding</key>
			<string>4</string>
			<key>isa</key>
			<string>PBXFileReference</string>
			<key>lastKnownFileType</key>
			<string>sourcecode.c.objc</string>
			<key>path</key>
			<string>RTCICECandidate+JSON.m</string>
			<key>sourceTree</key>
			<string>&lt;group&gt;</string>
		</dict>
		<key>78D593601B7C17FF00EDF432</key>
		<dict>
			<key>fileEncoding</key>
			<string>4</string>
			<key>isa</key>
			<string>PBXFileReference</string>
			<key>lastKnownFileType</key>
			<string>sourcecode.c.h</string>
			<key>path</key>
			<string>RTCICEServer+JSON.h</string>
			<key>sourceTree</key>
			<string>&lt;group&gt;</string>
		</dict>
		<key>78D593611B7C17FF00EDF432</key>
		<dict>
			<key>fileEncoding</key>
			<string>4</string>
			<key>isa</key>
			<string>PBXFileReference</string>
			<key>lastKnownFileType</key>
			<string>sourcecode.c.objc</string>
			<key>path</key>
			<string>RTCICEServer+JSON.m</string>
			<key>sourceTree</key>
			<string>&lt;group&gt;</string>
		</dict>
		<key>78D593621B7C17FF00EDF432</key>
		<dict>
			<key>fileEncoding</key>
			<string>4</string>
			<key>isa</key>
			<string>PBXFileReference</string>
			<key>lastKnownFileType</key>
			<string>sourcecode.c.h</string>
			<key>path</key>
			<string>RTCSessionDescription+JSON.h</string>
			<key>sourceTree</key>
			<string>&lt;group&gt;</string>
		</dict>
		<key>78D593631B7C17FF00EDF432</key>
		<dict>
			<key>fileEncoding</key>
			<string>4</string>
			<key>isa</key>
			<string>PBXFileReference</string>
			<key>lastKnownFileType</key>
			<string>sourcecode.c.objc</string>
			<key>path</key>
			<string>RTCSessionDescription+JSON.m</string>
			<key>sourceTree</key>
			<string>&lt;group&gt;</string>
		</dict>
		<key>78D593641B7C17FF00EDF432</key>
		<dict>
			<key>fileEncoding</key>
			<string>4</string>
			<key>isa</key>
			<string>PBXFileReference</string>
			<key>lastKnownFileType</key>
			<string>sourcecode.c.h</string>
			<key>path</key>
			<string>SDPUtils.h</string>
			<key>sourceTree</key>
			<string>&lt;group&gt;</string>
		</dict>
		<key>78D593651B7C17FF00EDF432</key>
		<dict>
			<key>fileEncoding</key>
			<string>4</string>
			<key>isa</key>
			<string>PBXFileReference</string>
			<key>lastKnownFileType</key>
			<string>sourcecode.c.objc</string>
			<key>path</key>
			<string>SDPUtils.m</string>
			<key>sourceTree</key>
			<string>&lt;group&gt;</string>
		</dict>
		<key>78D593681B7C17FF00EDF432</key>
		<dict>
			<key>fileEncoding</key>
			<string>4</string>
			<key>isa</key>
			<string>PBXFileReference</string>
			<key>lastKnownFileType</key>
			<string>sourcecode.c.h</string>
			<key>path</key>
			<string>ECStream.h</string>
			<key>sourceTree</key>
			<string>&lt;group&gt;</string>
		</dict>
		<key>78D593691B7C17FF00EDF432</key>
		<dict>
			<key>fileEncoding</key>
			<string>4</string>
			<key>isa</key>
			<string>PBXFileReference</string>
			<key>lastKnownFileType</key>
			<string>sourcecode.c.objc</string>
			<key>path</key>
			<string>ECStream.m</string>
			<key>sourceTree</key>
			<string>&lt;group&gt;</string>
		</dict>
		<key>78D5936A1B7C17FF00EDF432</key>
		<dict>
			<key>fileEncoding</key>
			<string>4</string>
			<key>isa</key>
			<string>PBXFileReference</string>
			<key>lastKnownFileType</key>
			<string>sourcecode.c.objc</string>
			<key>path</key>
			<string>ECRoom.m</string>
			<key>sourceTree</key>
			<string>&lt;group&gt;</string>
		</dict>
		<key>78D5936B1B7C17FF00EDF432</key>
		<dict>
			<key>fileEncoding</key>
			<string>4</string>
			<key>isa</key>
			<string>PBXFileReference</string>
			<key>lastKnownFileType</key>
			<string>sourcecode.c.h</string>
			<key>path</key>
			<string>ECRoom.h</string>
			<key>sourceTree</key>
			<string>&lt;group&gt;</string>
		</dict>
		<key>78D5936C1B7C17FF00EDF432</key>
		<dict>
			<key>fileRef</key>
			<string>78D593531B7C17FF00EDF432</string>
			<key>isa</key>
			<string>PBXBuildFile</string>
		</dict>
		<key>78D5936E1B7C17FF00EDF432</key>
		<dict>
			<key>fileRef</key>
			<string>78D593581B7C17FF00EDF432</string>
			<key>isa</key>
			<string>PBXBuildFile</string>
		</dict>
		<key>78D5936F1B7C17FF00EDF432</key>
		<dict>
			<key>fileRef</key>
			<string>78D5935A1B7C17FF00EDF432</string>
			<key>isa</key>
			<string>PBXBuildFile</string>
		</dict>
		<key>78D593711B7C17FF00EDF432</key>
		<dict>
			<key>fileRef</key>
			<string>78D5935F1B7C17FF00EDF432</string>
			<key>isa</key>
			<string>PBXBuildFile</string>
		</dict>
		<key>78D593721B7C17FF00EDF432</key>
		<dict>
			<key>fileRef</key>
			<string>78D593611B7C17FF00EDF432</string>
			<key>isa</key>
			<string>PBXBuildFile</string>
		</dict>
		<key>78D593731B7C17FF00EDF432</key>
		<dict>
			<key>fileRef</key>
			<string>78D593631B7C17FF00EDF432</string>
			<key>isa</key>
			<string>PBXBuildFile</string>
		</dict>
		<key>78D593741B7C17FF00EDF432</key>
		<dict>
			<key>fileRef</key>
			<string>78D593651B7C17FF00EDF432</string>
			<key>isa</key>
			<string>PBXBuildFile</string>
		</dict>
		<key>78D593761B7C17FF00EDF432</key>
		<dict>
			<key>fileRef</key>
			<string>78D593691B7C17FF00EDF432</string>
			<key>isa</key>
			<string>PBXBuildFile</string>
		</dict>
		<key>78D593771B7C17FF00EDF432</key>
		<dict>
			<key>fileRef</key>
			<string>78D5936A1B7C17FF00EDF432</string>
			<key>isa</key>
			<string>PBXBuildFile</string>
		</dict>
		<key>78E539CF1B99E4F4004B63EF</key>
		<dict>
			<key>fileEncoding</key>
			<string>4</string>
			<key>isa</key>
			<string>PBXFileReference</string>
			<key>lastKnownFileType</key>
			<string>text</string>
			<key>path</key>
			<string>CHANGELOG</string>
			<key>sourceTree</key>
			<string>&lt;group&gt;</string>
		</dict>
		<key>93A3E8E095EB8778BDE0AD8B</key>
		<dict>
			<key>buildActionMask</key>
			<string>12</string>
			<key>files</key>
			<array/>
			<key>inputPaths</key>
			<array/>
			<key>isa</key>
			<string>PBXShellScriptBuildPhase</string>
			<key>name</key>
			<string>Copy Pods Resources</string>
			<key>outputPaths</key>
			<array/>
			<key>runOnlyForDeploymentPostprocessing</key>
			<string>0</string>
			<key>shellPath</key>
			<string>/bin/sh</string>
			<key>shellScript</key>
			<string>"${SRCROOT}/Pods/Target Support Files/Pods-ErizoClient/Pods-ErizoClient-resources.sh"
</string>
			<key>showEnvVarsInLog</key>
			<string>0</string>
		</dict>
		<key>9BDAA9D31C9628C7C7F3C596</key>
		<dict>
			<key>buildActionMask</key>
			<string>2147483647</string>
			<key>files</key>
			<array/>
			<key>inputPaths</key>
			<array/>
			<key>isa</key>
			<string>PBXShellScriptBuildPhase</string>
			<key>name</key>
			<string>Check Pods Manifest.lock</string>
			<key>outputPaths</key>
			<array/>
			<key>runOnlyForDeploymentPostprocessing</key>
			<string>0</string>
			<key>shellPath</key>
			<string>/bin/sh</string>
			<key>shellScript</key>
			<string>diff "${PODS_ROOT}/../Podfile.lock" "${PODS_ROOT}/Manifest.lock" &gt; /dev/null
if [[ $? != 0 ]] ; then
    cat &lt;&lt; EOM
error: The sandbox is not in sync with the Podfile.lock. Run 'pod install' or update your CocoaPods installation.
EOM
    exit 1
fi
</string>
			<key>showEnvVarsInLog</key>
			<string>0</string>
		</dict>
		<key>9F117EC74D99BD551F0814ED</key>
		<dict>
			<key>children</key>
			<array>
				<string>69631C5AA1ADB7F2C2E4888F</string>
			</array>
			<key>isa</key>
			<string>PBXGroup</string>
			<key>name</key>
			<string>Frameworks</string>
			<key>sourceTree</key>
			<string>&lt;group&gt;</string>
		</dict>
		<key>B916C67F7DBD8F27E3B4F7F5</key>
		<dict>
			<key>includeInIndex</key>
			<string>1</string>
			<key>isa</key>
			<string>PBXFileReference</string>
			<key>lastKnownFileType</key>
			<string>text.xcconfig</string>
			<key>name</key>
			<string>Pods-ErizoClient.debug.xcconfig</string>
			<key>path</key>
			<string>Pods/Target Support Files/Pods-ErizoClient/Pods-ErizoClient.debug.xcconfig</string>
			<key>sourceTree</key>
			<string>&lt;group&gt;</string>
		</dict>
		<key>C43177F10C612B2E5612461B</key>
		<dict>
			<key>children</key>
			<array>
				<string>B916C67F7DBD8F27E3B4F7F5</string>
				<string>C46FE2A8E0D86F786A534622</string>
			</array>
			<key>isa</key>
			<string>PBXGroup</string>
			<key>name</key>
			<string>Pods</string>
			<key>sourceTree</key>
			<string>&lt;group&gt;</string>
		</dict>
		<key>C46FE2A8E0D86F786A534622</key>
		<dict>
			<key>includeInIndex</key>
			<string>1</string>
			<key>isa</key>
			<string>PBXFileReference</string>
			<key>lastKnownFileType</key>
			<string>text.xcconfig</string>
			<key>name</key>
			<string>Pods-ErizoClient.release.xcconfig</string>
			<key>path</key>
			<string>Pods/Target Support Files/Pods-ErizoClient/Pods-ErizoClient.release.xcconfig</string>
			<key>sourceTree</key>
			<string>&lt;group&gt;</string>
		</dict>
	</dict>
	<key>rootObject</key>
	<string>786C89501B7C10D800527918</string>
</dict>
</plist>
